
Microsoft Visual Studio Solution File, Format Version 12.00
# Visual Studio Version 17
VisualStudioVersion = 17.14.36301.6 d17.14
MinimumVisualStudioVersion = 10.0.40219.1
Project("{9A19103F-16F7-4668-BE54-9A1E7A4F7556}") = "PXService.NetStandard", "PXService.NetStandard.csproj", "{5D4EA9FE-9A30-E065-DEC1-7525C56B4F6F}"
EndProject
Global
	GlobalSection(SolutionConfigurationPlatforms) = preSolution
		Debug|Any CPU = Debug|Any CPU
		Release|Any CPU = Release|Any CPU
	EndGlobalSection
	GlobalSection(ProjectConfigurationPlatforms) = postSolution
		{5D4EA9FE-9A30-E065-DEC1-7525C56B4F6F}.Debug|Any CPU.ActiveCfg = Debug|Any CPU
		{5D4EA9FE-9A30-E065-DEC1-7525C56B4F6F}.Debug|Any CPU.Build.0 = Debug|Any CPU
		{5D4EA9FE-9A30-E065-DEC1-7525C56B4F6F}.Release|Any CPU.ActiveCfg = Release|Any CPU
		{5D4EA9FE-9A30-E065-DEC1-7525C56B4F6F}.Release|Any CPU.Build.0 = Release|Any CPU
	EndGlobalSection
	GlobalSection(SolutionProperties) = preSolution
		HideSolutionNode = FALSE
	EndGlobalSection
	GlobalSection(ExtensibilityGlobals) = postSolution
		SolutionGuid = {24406BE2-BEBD-4D95-9458-150EE250641A}
	EndGlobalSection
EndGlobal
