Microsoft Visual Studio Solution File, Format Version 12.00
# Visual Studio Version 17
VisualStudioVersion = 17.4.33110.190
MinimumVisualStudioVersion = 10.0.40219.1
Project("{FAE04EC0-301F-11D3-BF4B-00C04F79EFBC}") = "Common", "Common\Common.csproj", "{717E55E4-CCC7-4EEA-B138-15CA4D7911BF}"
EndProject
Project("{2150E333-8FDC-42A3-9474-1A3956D46DE8}") = "Tests", "Tests", "{7DCAB687-17B2-4BEF-8CD0-46B723824AEC}"
EndProject
Project("{2150E333-8FDC-42A3-9474-1A3956D46DE8}") = "Tools", "Tools", "{378D5F1D-AD64-4D9E-B327-3906A37A8B91}"
EndProject
Project("{FAE04EC0-301F-11D3-BF4B-00C04F79EFBC}") = "SllLoggingSchema", "..\shared\Library\Tracing\SllLogging\SllLoggingSchema.csproj", "{1119DB17-363F-4116-A026-1256B18E7843}"
EndProject
Project("{FAE04EC0-301F-11D3-BF4B-00C04F79EFBC}") = "libphonenumber", "External\libphonenumber-22765\libphonenumber\libphonenumber.csproj", "{BF773FA2-9265-4077-A990-7C8BBE66B2CD}"
EndProject
Project("{2150E333-8FDC-42A3-9474-1A3956D46DE8}") = "Pidl", "Pidl", "{B0572291-8AE4-4575-AAFA-FFD232146A9E}"
EndProject
Project("{FAE04EC0-301F-11D3-BF4B-00C04F79EFBC}") = "PidlFactory", "Pidl\PidlFactory\PidlFactory.csproj", "{046D7EC1-E7A0-44BC-9A7B-846D687A4F93}"
EndProject
Project("{FAE04EC0-301F-11D3-BF4B-00C04F79EFBC}") = "PidlModel", "Pidl\PidlModel\PidlModel.csproj", "{9C61837A-7118-42B5-BA50-480493CC190D}"
EndProject
Project("{FAE04EC0-301F-11D3-BF4B-00C04F79EFBC}") = "PimsModel", "Pidl\PimsModel\PimsModel.csproj", "{B9DA0893-6419-46FE-9FA9-6EBF61D9F0C0}"
EndProject
Project("{FAE04EC0-301F-11D3-BF4B-00C04F79EFBC}") = "PXCommon", "Pidl\PXCommon\PXCommon.csproj", "{BF723E85-A62E-4C9E-A251-16B89A037E2B}"
EndProject
Project("{FAE04EC0-301F-11D3-BF4B-00C04F79EFBC}") = "LocalizationRepository", "Pidl\LocalizationRepository\LocalizationRepository.csproj", "{FA039DC0-A241-488F-890A-CF9CA6FF77E0}"
EndProject
Project("{FAE04EC0-301F-11D3-BF4B-00C04F79EFBC}") = "CIT.PidlFactory", "Tests\CIT.PidlFactory\CIT.PidlFactory.csproj", "{67126A6F-925B-4349-A192-C8642926990B}"
EndProject
Project("{FAE04EC0-301F-11D3-BF4B-00C04F79EFBC}") = "PidlTest", "Tests\PidlTest\PidlTest.csproj", "{623EFF39-2D67-4C82-A08A-02FA02C98657}"
	ProjectSection(ProjectDependencies) = postProject
		{B3E74ACE-DA7E-4AC7-A2DA-7072F2D2C888} = {B3E74ACE-DA7E-4AC7-A2DA-7072F2D2C888}
	EndProjectSection
EndProject
Project("{FAE04EC0-301F-11D3-BF4B-00C04F79EFBC}") = "Test.Common", "Tests\Test.Common\Test.Common.csproj", "{D6784BAF-4B15-4852-8238-94E8074D87F1}"
EndProject
Project("{FAE04EC0-301F-11D3-BF4B-00C04F79EFBC}") = "CIT.PXService", "Tests\CIT.PXService\CIT.PXService.csproj", "{40927854-FBC8-4891-B9E2-2106E0CE0008}"
EndProject
Project("{2150E333-8FDC-42A3-9474-1A3956D46DE8}") = "Emulators", "Emulators", "{74E3BA71-8FB6-4EA0-B3BE-2CCAA0849A7F}"
EndProject
Project("{FAE04EC0-301F-11D3-BF4B-00C04F79EFBC}") = "CIT.Payments.Common", "Tests\CIT.Payments.Common\CIT.Payments.Common.csproj", "{7A4F4E54-DEA0-42C1-95BE-4C61216FFE9F}"
EndProject
Project("{FAE04EC0-301F-11D3-BF4B-00C04F79EFBC}") = "CIT.Localization", "Tests\CIT.Localization\CIT.Localization.csproj", "{5DEB6746-ECDD-4F60-A1A5-F9045BD5DF0D}"
EndProject
Project("{FAE04EC0-301F-11D3-BF4B-00C04F79EFBC}") = "CIT.PidlTest", "Tests\CIT.PidlTest\CIT.PidlTest.csproj", "{200BFCA9-83BD-4646-9C4C-D061997A332E}"
EndProject
Project("{FAE04EC0-301F-11D3-BF4B-00C04F79EFBC}") = "QRCoder", "External\QRCoder\QRCoder.csproj", "{8792CC93-AC1C-4E1D-AF35-9C21990A26F6}"
EndProject
Project("{FAE04EC0-301F-11D3-BF4B-00C04F79EFBC}") = "PemToJWK", "Tools\PemToJWK\PemToJWK.csproj", "{6322CA67-0BDA-443D-B7B9-C743DF96599C}"
EndProject
Project("{FAE04EC0-301F-11D3-BF4B-00C04F79EFBC}") = "CIT.PimsModel", "Tests\CIT.PimsModel\CIT.PimsModel.csproj", "{616ACE19-7B2C-4098-8679-A7B69CAF8B2A}"
EndProject
Project("{FAE04EC0-301F-11D3-BF4B-00C04F79EFBC}") = "PidlTest.JsonDiff", "Tests\PidlTest.JsonDiff\PidlTest.JsonDiff.csproj", "{E3D9FD31-E67C-4AFB-9901-C61F3D009527}"
EndProject
Project("{FAE04EC0-301F-11D3-BF4B-00C04F79EFBC}") = "PXService.ApiSurface", "PXService.ApiSurface\PXService.ApiSurface.csproj", "{B3E74ACE-DA7E-4AC7-A2DA-7072F2D2C888}"
EndProject
Project("{FAE04EC0-301F-11D3-BF4B-00C04F79EFBC}") = "CIT.PXService.ApiSurface", "Tests\CIT.PXService.ApiSurface\CIT.PXService.ApiSurface.csproj", "{375A1898-AEAF-4710-BFFC-97C7B4216602}"
	ProjectSection(ProjectDependencies) = postProject
		{B3E74ACE-DA7E-4AC7-A2DA-7072F2D2C888} = {B3E74ACE-DA7E-4AC7-A2DA-7072F2D2C888}
	EndProjectSection
EndProject
Project("{FAE04EC0-301F-11D3-BF4B-00C04F79EFBC}") = "COT.PXService", "Tests\COT.PXService\COT.PXService.csproj", "{CD51C772-17A1-455B-AA01-2B38805E14BE}"
EndProject
Project("{151D2E53-A2C4-4D7D-83FE-D05416EBD58E}") = "Deployment.PME", "Deployment.PME\Deployment.PME.deployproj", "{228B3580-8665-42A2-9C13-BE0E65F7038C}"
EndProject
Project("{FAE04EC0-301F-11D3-BF4B-00C04F79EFBC}") = "InstallCertificates", "Tools\InstallCertificates\InstallCertificates.csproj", "{70AE2202-8F2B-4417-A9D5-B400979D56A9}"
EndProject
Project("{FAE04EC0-301F-11D3-BF4B-00C04F79EFBC}") = "SelfHostedPXService", "Tests\SelfHostedPXService\SelfHostedPXService.csproj", "{00ED537D-78BC-4B32-8D63-FB861450DF4C}"
EndProject
Project("{FAE04EC0-301F-11D3-BF4B-00C04F79EFBC}") = "SelfHostedPXServiceCore", "Tests\SelfHostedPXServiceCore\SelfHostedPXServiceCore.csproj", "{59F56111-E5C6-4D5D-BEAC-E61C1503E995}"
EndProject
Project("{FAE04EC0-301F-11D3-BF4B-00C04F79EFBC}") = "Spec.PXService", "Tests\Spec.PXService\Spec.PXService.csproj", "{D1F434E1-0CF8-413D-B53F-BDA8E5126CB1}"
EndProject
Project("{FAE04EC0-301F-11D3-BF4B-00C04F79EFBC}") = "PartnerSettingsModel", "Pidl\PartnerSettingsModel\PartnerSettingsModel.csproj", "{980463C7-08F0-4383-93D7-E541CDD4F051}"
EndProject
Project("{FAE04EC0-301F-11D3-BF4B-00C04F79EFBC}") = "CultureLanguageTransformationCSVGenerator", "Tools\CultureLanguageTransformationCSVGenerator\CultureLanguageTransformationCSVGenerator.csproj", "{93D21A7D-59F4-4B9A-BF21-FC7319C18D7D}"
EndProject
Project("{FAE04EC0-301F-11D3-BF4B-00C04F79EFBC}") = "PXDependencyEmulators", "Tests\Emulators\PXDependencyEmulators\PXDependencyEmulators.csproj", "{5006AB48-A11E-219A-D68C-386F737D51A1}"
EndProject
Project("{FAE04EC0-301F-11D3-BF4B-00C04F79EFBC}") = "PXService", "PXService\PXService.csproj", "{6670A9C1-6713-990A-55CA-772E751B38EE}"
EndProject
Global
	GlobalSection(SolutionConfigurationPlatforms) = preSolution
		Debug|amd64 = Debug|amd64
		Debug|Any CPU = Debug|Any CPU
		Debug|Itanium = Debug|Itanium
		Debug|Mixed Platforms = Debug|Mixed Platforms
		Debug|Win32 = Debug|Win32
		Debug|x64 = Debug|x64
		Debug|x86 = Debug|x86
		Release|amd64 = Release|amd64
		Release|Any CPU = Release|Any CPU
		Release|Itanium = Release|Itanium
		Release|Mixed Platforms = Release|Mixed Platforms
		Release|Win32 = Release|Win32
		Release|x64 = Release|x64
		Release|x86 = Release|x86
	EndGlobalSection
	GlobalSection(ProjectConfigurationPlatforms) = postSolution
		{717E55E4-CCC7-4EEA-B138-15CA4D7911BF}.Debug|amd64.ActiveCfg = Debug|Any CPU
		{717E55E4-CCC7-4EEA-B138-15CA4D7911BF}.Debug|amd64.Build.0 = Debug|Any CPU
		{717E55E4-CCC7-4EEA-B138-15CA4D7911BF}.Debug|Any CPU.ActiveCfg = Debug|Any CPU
		{717E55E4-CCC7-4EEA-B138-15CA4D7911BF}.Debug|Any CPU.Build.0 = Debug|Any CPU
		{717E55E4-CCC7-4EEA-B138-15CA4D7911BF}.Debug|Itanium.ActiveCfg = Debug|Any CPU
		{717E55E4-CCC7-4EEA-B138-15CA4D7911BF}.Debug|Itanium.Build.0 = Debug|Any CPU
		{717E55E4-CCC7-4EEA-B138-15CA4D7911BF}.Debug|Mixed Platforms.ActiveCfg = Debug|Any CPU
		{717E55E4-CCC7-4EEA-B138-15CA4D7911BF}.Debug|Mixed Platforms.Build.0 = Debug|Any CPU
		{717E55E4-CCC7-4EEA-B138-15CA4D7911BF}.Debug|Win32.ActiveCfg = Debug|Any CPU
		{717E55E4-CCC7-4EEA-B138-15CA4D7911BF}.Debug|Win32.Build.0 = Debug|Any CPU
		{717E55E4-CCC7-4EEA-B138-15CA4D7911BF}.Debug|x64.ActiveCfg = Debug|Any CPU
		{717E55E4-CCC7-4EEA-B138-15CA4D7911BF}.Debug|x64.Build.0 = Debug|Any CPU
		{717E55E4-CCC7-4EEA-B138-15CA4D7911BF}.Debug|x86.ActiveCfg = Debug|Any CPU
		{717E55E4-CCC7-4EEA-B138-15CA4D7911BF}.Debug|x86.Build.0 = Debug|Any CPU
		{717E55E4-CCC7-4EEA-B138-15CA4D7911BF}.Release|amd64.ActiveCfg = Debug|Any CPU
		{717E55E4-CCC7-4EEA-B138-15CA4D7911BF}.Release|amd64.Build.0 = Debug|Any CPU
		{717E55E4-CCC7-4EEA-B138-15CA4D7911BF}.Release|Any CPU.ActiveCfg = Debug|Any CPU
		{717E55E4-CCC7-4EEA-B138-15CA4D7911BF}.Release|Any CPU.Build.0 = Debug|Any CPU
		{717E55E4-CCC7-4EEA-B138-15CA4D7911BF}.Release|Itanium.ActiveCfg = Debug|Any CPU
		{717E55E4-CCC7-4EEA-B138-15CA4D7911BF}.Release|Itanium.Build.0 = Debug|Any CPU
		{717E55E4-CCC7-4EEA-B138-15CA4D7911BF}.Release|Mixed Platforms.ActiveCfg = Debug|Any CPU
		{717E55E4-CCC7-4EEA-B138-15CA4D7911BF}.Release|Mixed Platforms.Build.0 = Debug|Any CPU
		{717E55E4-CCC7-4EEA-B138-15CA4D7911BF}.Release|Win32.ActiveCfg = Debug|Any CPU
		{717E55E4-CCC7-4EEA-B138-15CA4D7911BF}.Release|Win32.Build.0 = Debug|Any CPU
		{717E55E4-CCC7-4EEA-B138-15CA4D7911BF}.Release|x64.ActiveCfg = Debug|Any CPU
		{717E55E4-CCC7-4EEA-B138-15CA4D7911BF}.Release|x64.Build.0 = Debug|Any CPU
		{717E55E4-CCC7-4EEA-B138-15CA4D7911BF}.Release|x86.ActiveCfg = Debug|Any CPU
		{717E55E4-CCC7-4EEA-B138-15CA4D7911BF}.Release|x86.Build.0 = Debug|Any CPU
		{1119DB17-363F-4116-A026-1256B18E7843}.Debug|amd64.ActiveCfg = Debug|Any CPU
		{1119DB17-363F-4116-A026-1256B18E7843}.Debug|amd64.Build.0 = Debug|Any CPU
		{1119DB17-363F-4116-A026-1256B18E7843}.Debug|Any CPU.ActiveCfg = Debug|Any CPU
		{1119DB17-363F-4116-A026-1256B18E7843}.Debug|Any CPU.Build.0 = Debug|Any CPU
		{1119DB17-363F-4116-A026-1256B18E7843}.Debug|Itanium.ActiveCfg = Debug|Any CPU
		{1119DB17-363F-4116-A026-1256B18E7843}.Debug|Itanium.Build.0 = Debug|Any CPU
		{1119DB17-363F-4116-A026-1256B18E7843}.Debug|Mixed Platforms.ActiveCfg = Debug|Any CPU
		{1119DB17-363F-4116-A026-1256B18E7843}.Debug|Mixed Platforms.Build.0 = Debug|Any CPU
		{1119DB17-363F-4116-A026-1256B18E7843}.Debug|Win32.ActiveCfg = Debug|Any CPU
		{1119DB17-363F-4116-A026-1256B18E7843}.Debug|Win32.Build.0 = Debug|Any CPU
		{1119DB17-363F-4116-A026-1256B18E7843}.Debug|x64.ActiveCfg = Debug|Any CPU
		{1119DB17-363F-4116-A026-1256B18E7843}.Debug|x64.Build.0 = Debug|Any CPU
		{1119DB17-363F-4116-A026-1256B18E7843}.Debug|x86.ActiveCfg = Debug|Any CPU
		{1119DB17-363F-4116-A026-1256B18E7843}.Debug|x86.Build.0 = Debug|Any CPU
		{1119DB17-363F-4116-A026-1256B18E7843}.Release|amd64.ActiveCfg = Debug|Any CPU
		{1119DB17-363F-4116-A026-1256B18E7843}.Release|amd64.Build.0 = Debug|Any CPU
		{1119DB17-363F-4116-A026-1256B18E7843}.Release|Any CPU.ActiveCfg = Debug|Any CPU
		{1119DB17-363F-4116-A026-1256B18E7843}.Release|Any CPU.Build.0 = Debug|Any CPU
		{1119DB17-363F-4116-A026-1256B18E7843}.Release|Itanium.ActiveCfg = Debug|Any CPU
		{1119DB17-363F-4116-A026-1256B18E7843}.Release|Itanium.Build.0 = Debug|Any CPU
		{1119DB17-363F-4116-A026-1256B18E7843}.Release|Mixed Platforms.ActiveCfg = Debug|Any CPU
		{1119DB17-363F-4116-A026-1256B18E7843}.Release|Mixed Platforms.Build.0 = Debug|Any CPU
		{1119DB17-363F-4116-A026-1256B18E7843}.Release|Win32.ActiveCfg = Debug|Any CPU
		{1119DB17-363F-4116-A026-1256B18E7843}.Release|Win32.Build.0 = Debug|Any CPU
		{1119DB17-363F-4116-A026-1256B18E7843}.Release|x64.ActiveCfg = Debug|Any CPU
		{1119DB17-363F-4116-A026-1256B18E7843}.Release|x64.Build.0 = Debug|Any CPU
		{1119DB17-363F-4116-A026-1256B18E7843}.Release|x86.ActiveCfg = Debug|Any CPU
		{1119DB17-363F-4116-A026-1256B18E7843}.Release|x86.Build.0 = Debug|Any CPU
		{BF773FA2-9265-4077-A990-7C8BBE66B2CD}.Debug|amd64.ActiveCfg = Debug|Any CPU
		{BF773FA2-9265-4077-A990-7C8BBE66B2CD}.Debug|amd64.Build.0 = Debug|Any CPU
		{BF773FA2-9265-4077-A990-7C8BBE66B2CD}.Debug|Any CPU.ActiveCfg = Debug|Any CPU
		{BF773FA2-9265-4077-A990-7C8BBE66B2CD}.Debug|Any CPU.Build.0 = Debug|Any CPU
		{BF773FA2-9265-4077-A990-7C8BBE66B2CD}.Debug|Itanium.ActiveCfg = Debug|Any CPU
		{BF773FA2-9265-4077-A990-7C8BBE66B2CD}.Debug|Itanium.Build.0 = Debug|Any CPU
		{BF773FA2-9265-4077-A990-7C8BBE66B2CD}.Debug|Mixed Platforms.ActiveCfg = Debug|Any CPU
		{BF773FA2-9265-4077-A990-7C8BBE66B2CD}.Debug|Mixed Platforms.Build.0 = Debug|Any CPU
		{BF773FA2-9265-4077-A990-7C8BBE66B2CD}.Debug|Win32.ActiveCfg = Debug|Any CPU
		{BF773FA2-9265-4077-A990-7C8BBE66B2CD}.Debug|Win32.Build.0 = Debug|Any CPU
		{BF773FA2-9265-4077-A990-7C8BBE66B2CD}.Debug|x64.ActiveCfg = Debug|Any CPU
		{BF773FA2-9265-4077-A990-7C8BBE66B2CD}.Debug|x64.Build.0 = Debug|Any CPU
		{BF773FA2-9265-4077-A990-7C8BBE66B2CD}.Debug|x86.ActiveCfg = Debug|Any CPU
		{BF773FA2-9265-4077-A990-7C8BBE66B2CD}.Debug|x86.Build.0 = Debug|Any CPU
		{BF773FA2-9265-4077-A990-7C8BBE66B2CD}.Release|amd64.ActiveCfg = Debug|Any CPU
		{BF773FA2-9265-4077-A990-7C8BBE66B2CD}.Release|amd64.Build.0 = Debug|Any CPU
		{BF773FA2-9265-4077-A990-7C8BBE66B2CD}.Release|Any CPU.ActiveCfg = Debug|Any CPU
		{BF773FA2-9265-4077-A990-7C8BBE66B2CD}.Release|Any CPU.Build.0 = Debug|Any CPU
		{BF773FA2-9265-4077-A990-7C8BBE66B2CD}.Release|Itanium.ActiveCfg = Debug|Any CPU
		{BF773FA2-9265-4077-A990-7C8BBE66B2CD}.Release|Itanium.Build.0 = Debug|Any CPU
		{BF773FA2-9265-4077-A990-7C8BBE66B2CD}.Release|Mixed Platforms.ActiveCfg = Debug|Any CPU
		{BF773FA2-9265-4077-A990-7C8BBE66B2CD}.Release|Mixed Platforms.Build.0 = Debug|Any CPU
		{BF773FA2-9265-4077-A990-7C8BBE66B2CD}.Release|Win32.ActiveCfg = Debug|Any CPU
		{BF773FA2-9265-4077-A990-7C8BBE66B2CD}.Release|Win32.Build.0 = Debug|Any CPU
		{BF773FA2-9265-4077-A990-7C8BBE66B2CD}.Release|x64.ActiveCfg = Debug|Any CPU
		{BF773FA2-9265-4077-A990-7C8BBE66B2CD}.Release|x64.Build.0 = Debug|Any CPU
		{BF773FA2-9265-4077-A990-7C8BBE66B2CD}.Release|x86.ActiveCfg = Debug|Any CPU
		{BF773FA2-9265-4077-A990-7C8BBE66B2CD}.Release|x86.Build.0 = Debug|Any CPU
		{046D7EC1-E7A0-44BC-9A7B-846D687A4F93}.Debug|amd64.ActiveCfg = Debug|Any CPU
		{046D7EC1-E7A0-44BC-9A7B-846D687A4F93}.Debug|amd64.Build.0 = Debug|Any CPU
		{046D7EC1-E7A0-44BC-9A7B-846D687A4F93}.Debug|Any CPU.ActiveCfg = Debug|Any CPU
		{046D7EC1-E7A0-44BC-9A7B-846D687A4F93}.Debug|Any CPU.Build.0 = Debug|Any CPU
		{046D7EC1-E7A0-44BC-9A7B-846D687A4F93}.Debug|Itanium.ActiveCfg = Debug|Any CPU
		{046D7EC1-E7A0-44BC-9A7B-846D687A4F93}.Debug|Itanium.Build.0 = Debug|Any CPU
		{046D7EC1-E7A0-44BC-9A7B-846D687A4F93}.Debug|Mixed Platforms.ActiveCfg = Debug|Any CPU
		{046D7EC1-E7A0-44BC-9A7B-846D687A4F93}.Debug|Mixed Platforms.Build.0 = Debug|Any CPU
		{046D7EC1-E7A0-44BC-9A7B-846D687A4F93}.Debug|Win32.ActiveCfg = Debug|Any CPU
		{046D7EC1-E7A0-44BC-9A7B-846D687A4F93}.Debug|Win32.Build.0 = Debug|Any CPU
		{046D7EC1-E7A0-44BC-9A7B-846D687A4F93}.Debug|x64.ActiveCfg = Debug|Any CPU
		{046D7EC1-E7A0-44BC-9A7B-846D687A4F93}.Debug|x64.Build.0 = Debug|Any CPU
		{046D7EC1-E7A0-44BC-9A7B-846D687A4F93}.Debug|x86.ActiveCfg = Debug|Any CPU
		{046D7EC1-E7A0-44BC-9A7B-846D687A4F93}.Debug|x86.Build.0 = Debug|Any CPU
		{046D7EC1-E7A0-44BC-9A7B-846D687A4F93}.Release|amd64.ActiveCfg = Debug|Any CPU
		{046D7EC1-E7A0-44BC-9A7B-846D687A4F93}.Release|amd64.Build.0 = Debug|Any CPU
		{046D7EC1-E7A0-44BC-9A7B-846D687A4F93}.Release|Any CPU.ActiveCfg = Debug|Any CPU
		{046D7EC1-E7A0-44BC-9A7B-846D687A4F93}.Release|Any CPU.Build.0 = Debug|Any CPU
		{046D7EC1-E7A0-44BC-9A7B-846D687A4F93}.Release|Itanium.ActiveCfg = Debug|Any CPU
		{046D7EC1-E7A0-44BC-9A7B-846D687A4F93}.Release|Itanium.Build.0 = Debug|Any CPU
		{046D7EC1-E7A0-44BC-9A7B-846D687A4F93}.Release|Mixed Platforms.ActiveCfg = Debug|Any CPU
		{046D7EC1-E7A0-44BC-9A7B-846D687A4F93}.Release|Mixed Platforms.Build.0 = Debug|Any CPU
		{046D7EC1-E7A0-44BC-9A7B-846D687A4F93}.Release|Win32.ActiveCfg = Debug|Any CPU
		{046D7EC1-E7A0-44BC-9A7B-846D687A4F93}.Release|Win32.Build.0 = Debug|Any CPU
		{046D7EC1-E7A0-44BC-9A7B-846D687A4F93}.Release|x64.ActiveCfg = Debug|Any CPU
		{046D7EC1-E7A0-44BC-9A7B-846D687A4F93}.Release|x64.Build.0 = Debug|Any CPU
		{046D7EC1-E7A0-44BC-9A7B-846D687A4F93}.Release|x86.ActiveCfg = Debug|Any CPU
		{046D7EC1-E7A0-44BC-9A7B-846D687A4F93}.Release|x86.Build.0 = Debug|Any CPU
		{9C61837A-7118-42B5-BA50-480493CC190D}.Debug|amd64.ActiveCfg = Debug|Any CPU
		{9C61837A-7118-42B5-BA50-480493CC190D}.Debug|amd64.Build.0 = Debug|Any CPU
		{9C61837A-7118-42B5-BA50-480493CC190D}.Debug|Any CPU.ActiveCfg = Debug|Any CPU
		{9C61837A-7118-42B5-BA50-480493CC190D}.Debug|Any CPU.Build.0 = Debug|Any CPU
		{9C61837A-7118-42B5-BA50-480493CC190D}.Debug|Itanium.ActiveCfg = Debug|Any CPU
		{9C61837A-7118-42B5-BA50-480493CC190D}.Debug|Itanium.Build.0 = Debug|Any CPU
		{9C61837A-7118-42B5-BA50-480493CC190D}.Debug|Mixed Platforms.ActiveCfg = Debug|Any CPU
		{9C61837A-7118-42B5-BA50-480493CC190D}.Debug|Mixed Platforms.Build.0 = Debug|Any CPU
		{9C61837A-7118-42B5-BA50-480493CC190D}.Debug|Win32.ActiveCfg = Debug|Any CPU
		{9C61837A-7118-42B5-BA50-480493CC190D}.Debug|Win32.Build.0 = Debug|Any CPU
		{9C61837A-7118-42B5-BA50-480493CC190D}.Debug|x64.ActiveCfg = Debug|Any CPU
		{9C61837A-7118-42B5-BA50-480493CC190D}.Debug|x64.Build.0 = Debug|Any CPU
		{9C61837A-7118-42B5-BA50-480493CC190D}.Debug|x86.ActiveCfg = Debug|Any CPU
		{9C61837A-7118-42B5-BA50-480493CC190D}.Debug|x86.Build.0 = Debug|Any CPU
		{9C61837A-7118-42B5-BA50-480493CC190D}.Release|amd64.ActiveCfg = Debug|Any CPU
		{9C61837A-7118-42B5-BA50-480493CC190D}.Release|amd64.Build.0 = Debug|Any CPU
		{9C61837A-7118-42B5-BA50-480493CC190D}.Release|Any CPU.ActiveCfg = Debug|Any CPU
		{9C61837A-7118-42B5-BA50-480493CC190D}.Release|Any CPU.Build.0 = Debug|Any CPU
		{9C61837A-7118-42B5-BA50-480493CC190D}.Release|Itanium.ActiveCfg = Debug|Any CPU
		{9C61837A-7118-42B5-BA50-480493CC190D}.Release|Itanium.Build.0 = Debug|Any CPU
		{9C61837A-7118-42B5-BA50-480493CC190D}.Release|Mixed Platforms.ActiveCfg = Debug|Any CPU
		{9C61837A-7118-42B5-BA50-480493CC190D}.Release|Mixed Platforms.Build.0 = Debug|Any CPU
		{9C61837A-7118-42B5-BA50-480493CC190D}.Release|Win32.ActiveCfg = Debug|Any CPU
		{9C61837A-7118-42B5-BA50-480493CC190D}.Release|Win32.Build.0 = Debug|Any CPU
		{9C61837A-7118-42B5-BA50-480493CC190D}.Release|x64.ActiveCfg = Debug|Any CPU
		{9C61837A-7118-42B5-BA50-480493CC190D}.Release|x64.Build.0 = Debug|Any CPU
		{9C61837A-7118-42B5-BA50-480493CC190D}.Release|x86.ActiveCfg = Debug|Any CPU
		{9C61837A-7118-42B5-BA50-480493CC190D}.Release|x86.Build.0 = Debug|Any CPU
		{B9DA0893-6419-46FE-9FA9-6EBF61D9F0C0}.Debug|amd64.ActiveCfg = Debug|Any CPU
		{B9DA0893-6419-46FE-9FA9-6EBF61D9F0C0}.Debug|amd64.Build.0 = Debug|Any CPU
		{B9DA0893-6419-46FE-9FA9-6EBF61D9F0C0}.Debug|Any CPU.ActiveCfg = Debug|Any CPU
		{B9DA0893-6419-46FE-9FA9-6EBF61D9F0C0}.Debug|Any CPU.Build.0 = Debug|Any CPU
		{B9DA0893-6419-46FE-9FA9-6EBF61D9F0C0}.Debug|Itanium.ActiveCfg = Debug|Any CPU
		{B9DA0893-6419-46FE-9FA9-6EBF61D9F0C0}.Debug|Itanium.Build.0 = Debug|Any CPU
		{B9DA0893-6419-46FE-9FA9-6EBF61D9F0C0}.Debug|Mixed Platforms.ActiveCfg = Debug|Any CPU
		{B9DA0893-6419-46FE-9FA9-6EBF61D9F0C0}.Debug|Mixed Platforms.Build.0 = Debug|Any CPU
		{B9DA0893-6419-46FE-9FA9-6EBF61D9F0C0}.Debug|Win32.ActiveCfg = Debug|Any CPU
		{B9DA0893-6419-46FE-9FA9-6EBF61D9F0C0}.Debug|Win32.Build.0 = Debug|Any CPU
		{B9DA0893-6419-46FE-9FA9-6EBF61D9F0C0}.Debug|x64.ActiveCfg = Debug|Any CPU
		{B9DA0893-6419-46FE-9FA9-6EBF61D9F0C0}.Debug|x64.Build.0 = Debug|Any CPU
		{B9DA0893-6419-46FE-9FA9-6EBF61D9F0C0}.Debug|x86.ActiveCfg = Debug|Any CPU
		{B9DA0893-6419-46FE-9FA9-6EBF61D9F0C0}.Debug|x86.Build.0 = Debug|Any CPU
		{B9DA0893-6419-46FE-9FA9-6EBF61D9F0C0}.Release|amd64.ActiveCfg = Debug|Any CPU
		{B9DA0893-6419-46FE-9FA9-6EBF61D9F0C0}.Release|amd64.Build.0 = Debug|Any CPU
		{B9DA0893-6419-46FE-9FA9-6EBF61D9F0C0}.Release|Any CPU.ActiveCfg = Debug|Any CPU
		{B9DA0893-6419-46FE-9FA9-6EBF61D9F0C0}.Release|Any CPU.Build.0 = Debug|Any CPU
		{B9DA0893-6419-46FE-9FA9-6EBF61D9F0C0}.Release|Itanium.ActiveCfg = Debug|Any CPU
		{B9DA0893-6419-46FE-9FA9-6EBF61D9F0C0}.Release|Itanium.Build.0 = Debug|Any CPU
		{B9DA0893-6419-46FE-9FA9-6EBF61D9F0C0}.Release|Mixed Platforms.ActiveCfg = Debug|Any CPU
		{B9DA0893-6419-46FE-9FA9-6EBF61D9F0C0}.Release|Mixed Platforms.Build.0 = Debug|Any CPU
		{B9DA0893-6419-46FE-9FA9-6EBF61D9F0C0}.Release|Win32.ActiveCfg = Debug|Any CPU
		{B9DA0893-6419-46FE-9FA9-6EBF61D9F0C0}.Release|Win32.Build.0 = Debug|Any CPU
		{B9DA0893-6419-46FE-9FA9-6EBF61D9F0C0}.Release|x64.ActiveCfg = Debug|Any CPU
		{B9DA0893-6419-46FE-9FA9-6EBF61D9F0C0}.Release|x64.Build.0 = Debug|Any CPU
		{B9DA0893-6419-46FE-9FA9-6EBF61D9F0C0}.Release|x86.ActiveCfg = Debug|Any CPU
		{B9DA0893-6419-46FE-9FA9-6EBF61D9F0C0}.Release|x86.Build.0 = Debug|Any CPU
		{BF723E85-A62E-4C9E-A251-16B89A037E2B}.Debug|amd64.ActiveCfg = Debug|Any CPU
		{BF723E85-A62E-4C9E-A251-16B89A037E2B}.Debug|amd64.Build.0 = Debug|Any CPU
		{BF723E85-A62E-4C9E-A251-16B89A037E2B}.Debug|Any CPU.ActiveCfg = Debug|Any CPU
		{BF723E85-A62E-4C9E-A251-16B89A037E2B}.Debug|Any CPU.Build.0 = Debug|Any CPU
		{BF723E85-A62E-4C9E-A251-16B89A037E2B}.Debug|Itanium.ActiveCfg = Debug|Any CPU
		{BF723E85-A62E-4C9E-A251-16B89A037E2B}.Debug|Itanium.Build.0 = Debug|Any CPU
		{BF723E85-A62E-4C9E-A251-16B89A037E2B}.Debug|Mixed Platforms.ActiveCfg = Debug|Any CPU
		{BF723E85-A62E-4C9E-A251-16B89A037E2B}.Debug|Mixed Platforms.Build.0 = Debug|Any CPU
		{BF723E85-A62E-4C9E-A251-16B89A037E2B}.Debug|Win32.ActiveCfg = Debug|Any CPU
		{BF723E85-A62E-4C9E-A251-16B89A037E2B}.Debug|Win32.Build.0 = Debug|Any CPU
		{BF723E85-A62E-4C9E-A251-16B89A037E2B}.Debug|x64.ActiveCfg = Debug|Any CPU
		{BF723E85-A62E-4C9E-A251-16B89A037E2B}.Debug|x64.Build.0 = Debug|Any CPU
		{BF723E85-A62E-4C9E-A251-16B89A037E2B}.Debug|x86.ActiveCfg = Debug|Any CPU
		{BF723E85-A62E-4C9E-A251-16B89A037E2B}.Debug|x86.Build.0 = Debug|Any CPU
		{BF723E85-A62E-4C9E-A251-16B89A037E2B}.Release|amd64.ActiveCfg = Debug|Any CPU
		{BF723E85-A62E-4C9E-A251-16B89A037E2B}.Release|amd64.Build.0 = Debug|Any CPU
		{BF723E85-A62E-4C9E-A251-16B89A037E2B}.Release|Any CPU.ActiveCfg = Debug|Any CPU
		{BF723E85-A62E-4C9E-A251-16B89A037E2B}.Release|Any CPU.Build.0 = Debug|Any CPU
		{BF723E85-A62E-4C9E-A251-16B89A037E2B}.Release|Itanium.ActiveCfg = Debug|Any CPU
		{BF723E85-A62E-4C9E-A251-16B89A037E2B}.Release|Itanium.Build.0 = Debug|Any CPU
		{BF723E85-A62E-4C9E-A251-16B89A037E2B}.Release|Mixed Platforms.ActiveCfg = Debug|Any CPU
		{BF723E85-A62E-4C9E-A251-16B89A037E2B}.Release|Mixed Platforms.Build.0 = Debug|Any CPU
		{BF723E85-A62E-4C9E-A251-16B89A037E2B}.Release|Win32.ActiveCfg = Debug|Any CPU
		{BF723E85-A62E-4C9E-A251-16B89A037E2B}.Release|Win32.Build.0 = Debug|Any CPU
		{BF723E85-A62E-4C9E-A251-16B89A037E2B}.Release|x64.ActiveCfg = Debug|Any CPU
		{BF723E85-A62E-4C9E-A251-16B89A037E2B}.Release|x64.Build.0 = Debug|Any CPU
		{BF723E85-A62E-4C9E-A251-16B89A037E2B}.Release|x86.ActiveCfg = Debug|Any CPU
		{BF723E85-A62E-4C9E-A251-16B89A037E2B}.Release|x86.Build.0 = Debug|Any CPU
		{FA039DC0-A241-488F-890A-CF9CA6FF77E0}.Debug|amd64.ActiveCfg = Debug|Any CPU
		{FA039DC0-A241-488F-890A-CF9CA6FF77E0}.Debug|amd64.Build.0 = Debug|Any CPU
		{FA039DC0-A241-488F-890A-CF9CA6FF77E0}.Debug|Any CPU.ActiveCfg = Debug|Any CPU
		{FA039DC0-A241-488F-890A-CF9CA6FF77E0}.Debug|Any CPU.Build.0 = Debug|Any CPU
		{FA039DC0-A241-488F-890A-CF9CA6FF77E0}.Debug|Itanium.ActiveCfg = Debug|Any CPU
		{FA039DC0-A241-488F-890A-CF9CA6FF77E0}.Debug|Itanium.Build.0 = Debug|Any CPU
		{FA039DC0-A241-488F-890A-CF9CA6FF77E0}.Debug|Mixed Platforms.ActiveCfg = Debug|Any CPU
		{FA039DC0-A241-488F-890A-CF9CA6FF77E0}.Debug|Mixed Platforms.Build.0 = Debug|Any CPU
		{FA039DC0-A241-488F-890A-CF9CA6FF77E0}.Debug|Win32.ActiveCfg = Debug|Any CPU
		{FA039DC0-A241-488F-890A-CF9CA6FF77E0}.Debug|Win32.Build.0 = Debug|Any CPU
		{FA039DC0-A241-488F-890A-CF9CA6FF77E0}.Debug|x64.ActiveCfg = Debug|Any CPU
		{FA039DC0-A241-488F-890A-CF9CA6FF77E0}.Debug|x64.Build.0 = Debug|Any CPU
		{FA039DC0-A241-488F-890A-CF9CA6FF77E0}.Debug|x86.ActiveCfg = Debug|Any CPU
		{FA039DC0-A241-488F-890A-CF9CA6FF77E0}.Debug|x86.Build.0 = Debug|Any CPU
		{FA039DC0-A241-488F-890A-CF9CA6FF77E0}.Release|amd64.ActiveCfg = Debug|Any CPU
		{FA039DC0-A241-488F-890A-CF9CA6FF77E0}.Release|amd64.Build.0 = Debug|Any CPU
		{FA039DC0-A241-488F-890A-CF9CA6FF77E0}.Release|Any CPU.ActiveCfg = Debug|Any CPU
		{FA039DC0-A241-488F-890A-CF9CA6FF77E0}.Release|Any CPU.Build.0 = Debug|Any CPU
		{FA039DC0-A241-488F-890A-CF9CA6FF77E0}.Release|Itanium.ActiveCfg = Debug|Any CPU
		{FA039DC0-A241-488F-890A-CF9CA6FF77E0}.Release|Itanium.Build.0 = Debug|Any CPU
		{FA039DC0-A241-488F-890A-CF9CA6FF77E0}.Release|Mixed Platforms.ActiveCfg = Debug|Any CPU
		{FA039DC0-A241-488F-890A-CF9CA6FF77E0}.Release|Mixed Platforms.Build.0 = Debug|Any CPU
		{FA039DC0-A241-488F-890A-CF9CA6FF77E0}.Release|Win32.ActiveCfg = Debug|Any CPU
		{FA039DC0-A241-488F-890A-CF9CA6FF77E0}.Release|Win32.Build.0 = Debug|Any CPU
		{FA039DC0-A241-488F-890A-CF9CA6FF77E0}.Release|x64.ActiveCfg = Debug|Any CPU
		{FA039DC0-A241-488F-890A-CF9CA6FF77E0}.Release|x64.Build.0 = Debug|Any CPU
		{FA039DC0-A241-488F-890A-CF9CA6FF77E0}.Release|x86.ActiveCfg = Debug|Any CPU
		{FA039DC0-A241-488F-890A-CF9CA6FF77E0}.Release|x86.Build.0 = Debug|Any CPU
		{67126A6F-925B-4349-A192-C8642926990B}.Debug|amd64.ActiveCfg = Debug|Any CPU
		{67126A6F-925B-4349-A192-C8642926990B}.Debug|amd64.Build.0 = Debug|Any CPU
		{67126A6F-925B-4349-A192-C8642926990B}.Debug|Any CPU.ActiveCfg = Debug|Any CPU
		{67126A6F-925B-4349-A192-C8642926990B}.Debug|Any CPU.Build.0 = Debug|Any CPU
		{67126A6F-925B-4349-A192-C8642926990B}.Debug|Itanium.ActiveCfg = Debug|Any CPU
		{67126A6F-925B-4349-A192-C8642926990B}.Debug|Mixed Platforms.ActiveCfg = Debug|Any CPU
		{67126A6F-925B-4349-A192-C8642926990B}.Debug|Mixed Platforms.Build.0 = Debug|Any CPU
		{67126A6F-925B-4349-A192-C8642926990B}.Debug|Win32.ActiveCfg = Debug|Any CPU
		{67126A6F-925B-4349-A192-C8642926990B}.Debug|Win32.Build.0 = Debug|Any CPU
		{67126A6F-925B-4349-A192-C8642926990B}.Debug|x64.ActiveCfg = Debug|Any CPU
		{67126A6F-925B-4349-A192-C8642926990B}.Debug|x64.Build.0 = Debug|Any CPU
		{67126A6F-925B-4349-A192-C8642926990B}.Debug|x86.ActiveCfg = Debug|Any CPU
		{67126A6F-925B-4349-A192-C8642926990B}.Debug|x86.Build.0 = Debug|Any CPU
		{67126A6F-925B-4349-A192-C8642926990B}.Release|amd64.ActiveCfg = Debug|Any CPU
		{67126A6F-925B-4349-A192-C8642926990B}.Release|amd64.Build.0 = Debug|Any CPU
		{67126A6F-925B-4349-A192-C8642926990B}.Release|Any CPU.ActiveCfg = Debug|Any CPU
		{67126A6F-925B-4349-A192-C8642926990B}.Release|Any CPU.Build.0 = Debug|Any CPU
		{67126A6F-925B-4349-A192-C8642926990B}.Release|Itanium.ActiveCfg = Debug|Any CPU
		{67126A6F-925B-4349-A192-C8642926990B}.Release|Itanium.Build.0 = Debug|Any CPU
		{67126A6F-925B-4349-A192-C8642926990B}.Release|Mixed Platforms.ActiveCfg = Debug|Any CPU
		{67126A6F-925B-4349-A192-C8642926990B}.Release|Mixed Platforms.Build.0 = Debug|Any CPU
		{67126A6F-925B-4349-A192-C8642926990B}.Release|Win32.ActiveCfg = Debug|Any CPU
		{67126A6F-925B-4349-A192-C8642926990B}.Release|Win32.Build.0 = Debug|Any CPU
		{67126A6F-925B-4349-A192-C8642926990B}.Release|x64.ActiveCfg = Debug|Any CPU
		{67126A6F-925B-4349-A192-C8642926990B}.Release|x64.Build.0 = Debug|Any CPU
		{67126A6F-925B-4349-A192-C8642926990B}.Release|x86.ActiveCfg = Debug|Any CPU
		{67126A6F-925B-4349-A192-C8642926990B}.Release|x86.Build.0 = Debug|Any CPU
		{623EFF39-2D67-4C82-A08A-02FA02C98657}.Debug|amd64.ActiveCfg = Debug|amd64
		{623EFF39-2D67-4C82-A08A-02FA02C98657}.Debug|amd64.Build.0 = Debug|amd64
		{623EFF39-2D67-4C82-A08A-02FA02C98657}.Debug|Any CPU.ActiveCfg = Debug|Any CPU
		{623EFF39-2D67-4C82-A08A-02FA02C98657}.Debug|Any CPU.Build.0 = Debug|Any CPU
		{623EFF39-2D67-4C82-A08A-02FA02C98657}.Debug|Itanium.ActiveCfg = Debug|amd64
		{623EFF39-2D67-4C82-A08A-02FA02C98657}.Debug|Mixed Platforms.ActiveCfg = Debug|Any CPU
		{623EFF39-2D67-4C82-A08A-02FA02C98657}.Debug|Mixed Platforms.Build.0 = Debug|Any CPU
		{623EFF39-2D67-4C82-A08A-02FA02C98657}.Debug|Win32.ActiveCfg = Debug|amd64
		{623EFF39-2D67-4C82-A08A-02FA02C98657}.Debug|x64.ActiveCfg = Debug|amd64
		{623EFF39-2D67-4C82-A08A-02FA02C98657}.Debug|x64.Build.0 = Debug|amd64
		{623EFF39-2D67-4C82-A08A-02FA02C98657}.Debug|x86.ActiveCfg = Debug|amd64
		{623EFF39-2D67-4C82-A08A-02FA02C98657}.Release|amd64.ActiveCfg = Debug|amd64
		{623EFF39-2D67-4C82-A08A-02FA02C98657}.Release|amd64.Build.0 = Debug|amd64
		{623EFF39-2D67-4C82-A08A-02FA02C98657}.Release|Any CPU.ActiveCfg = Debug|amd64
		{623EFF39-2D67-4C82-A08A-02FA02C98657}.Release|Any CPU.Build.0 = Debug|amd64
		{623EFF39-2D67-4C82-A08A-02FA02C98657}.Release|Itanium.ActiveCfg = Debug|amd64
		{623EFF39-2D67-4C82-A08A-02FA02C98657}.Release|Itanium.Build.0 = Debug|amd64
		{623EFF39-2D67-4C82-A08A-02FA02C98657}.Release|Mixed Platforms.ActiveCfg = Debug|amd64
		{623EFF39-2D67-4C82-A08A-02FA02C98657}.Release|Mixed Platforms.Build.0 = Debug|amd64
		{623EFF39-2D67-4C82-A08A-02FA02C98657}.Release|Win32.ActiveCfg = Debug|amd64
		{623EFF39-2D67-4C82-A08A-02FA02C98657}.Release|Win32.Build.0 = Debug|amd64
		{623EFF39-2D67-4C82-A08A-02FA02C98657}.Release|x64.ActiveCfg = Debug|amd64
		{623EFF39-2D67-4C82-A08A-02FA02C98657}.Release|x64.Build.0 = Debug|amd64
		{623EFF39-2D67-4C82-A08A-02FA02C98657}.Release|x86.ActiveCfg = Debug|amd64
		{623EFF39-2D67-4C82-A08A-02FA02C98657}.Release|x86.Build.0 = Debug|amd64
		{D6784BAF-4B15-4852-8238-94E8074D87F1}.Debug|amd64.ActiveCfg = Debug|Any CPU
		{D6784BAF-4B15-4852-8238-94E8074D87F1}.Debug|amd64.Build.0 = Debug|Any CPU
		{D6784BAF-4B15-4852-8238-94E8074D87F1}.Debug|Any CPU.ActiveCfg = Debug|Any CPU
		{D6784BAF-4B15-4852-8238-94E8074D87F1}.Debug|Any CPU.Build.0 = Debug|Any CPU
		{D6784BAF-4B15-4852-8238-94E8074D87F1}.Debug|Itanium.ActiveCfg = Debug|Any CPU
		{D6784BAF-4B15-4852-8238-94E8074D87F1}.Debug|Itanium.Build.0 = Debug|Any CPU
		{D6784BAF-4B15-4852-8238-94E8074D87F1}.Debug|Mixed Platforms.ActiveCfg = Debug|Any CPU
		{D6784BAF-4B15-4852-8238-94E8074D87F1}.Debug|Mixed Platforms.Build.0 = Debug|Any CPU
		{D6784BAF-4B15-4852-8238-94E8074D87F1}.Debug|Win32.ActiveCfg = Debug|Any CPU
		{D6784BAF-4B15-4852-8238-94E8074D87F1}.Debug|Win32.Build.0 = Debug|Any CPU
		{D6784BAF-4B15-4852-8238-94E8074D87F1}.Debug|x64.ActiveCfg = Debug|Any CPU
		{D6784BAF-4B15-4852-8238-94E8074D87F1}.Debug|x64.Build.0 = Debug|Any CPU
		{D6784BAF-4B15-4852-8238-94E8074D87F1}.Debug|x86.ActiveCfg = Debug|Any CPU
		{D6784BAF-4B15-4852-8238-94E8074D87F1}.Debug|x86.Build.0 = Debug|Any CPU
		{D6784BAF-4B15-4852-8238-94E8074D87F1}.Release|amd64.ActiveCfg = Debug|Any CPU
		{D6784BAF-4B15-4852-8238-94E8074D87F1}.Release|amd64.Build.0 = Debug|Any CPU
		{D6784BAF-4B15-4852-8238-94E8074D87F1}.Release|Any CPU.ActiveCfg = Debug|Any CPU
		{D6784BAF-4B15-4852-8238-94E8074D87F1}.Release|Any CPU.Build.0 = Debug|Any CPU
		{D6784BAF-4B15-4852-8238-94E8074D87F1}.Release|Itanium.ActiveCfg = Debug|Any CPU
		{D6784BAF-4B15-4852-8238-94E8074D87F1}.Release|Itanium.Build.0 = Debug|Any CPU
		{D6784BAF-4B15-4852-8238-94E8074D87F1}.Release|Mixed Platforms.ActiveCfg = Debug|Any CPU
		{D6784BAF-4B15-4852-8238-94E8074D87F1}.Release|Mixed Platforms.Build.0 = Debug|Any CPU
		{D6784BAF-4B15-4852-8238-94E8074D87F1}.Release|Win32.ActiveCfg = Debug|Any CPU
		{D6784BAF-4B15-4852-8238-94E8074D87F1}.Release|Win32.Build.0 = Debug|Any CPU
		{D6784BAF-4B15-4852-8238-94E8074D87F1}.Release|x64.ActiveCfg = Debug|Any CPU
		{D6784BAF-4B15-4852-8238-94E8074D87F1}.Release|x64.Build.0 = Debug|Any CPU
		{D6784BAF-4B15-4852-8238-94E8074D87F1}.Release|x86.ActiveCfg = Debug|Any CPU
		{D6784BAF-4B15-4852-8238-94E8074D87F1}.Release|x86.Build.0 = Debug|Any CPU
		{40927854-FBC8-4891-B9E2-2106E0CE0008}.Debug|amd64.ActiveCfg = Debug|Any CPU
		{40927854-FBC8-4891-B9E2-2106E0CE0008}.Debug|amd64.Build.0 = Debug|Any CPU
		{40927854-FBC8-4891-B9E2-2106E0CE0008}.Debug|Any CPU.ActiveCfg = Debug|Any CPU
		{40927854-FBC8-4891-B9E2-2106E0CE0008}.Debug|Any CPU.Build.0 = Debug|Any CPU
		{40927854-FBC8-4891-B9E2-2106E0CE0008}.Debug|Itanium.ActiveCfg = Debug|Any CPU
		{40927854-FBC8-4891-B9E2-2106E0CE0008}.Debug|Itanium.Build.0 = Debug|Any CPU
		{40927854-FBC8-4891-B9E2-2106E0CE0008}.Debug|Mixed Platforms.ActiveCfg = Debug|Any CPU
		{40927854-FBC8-4891-B9E2-2106E0CE0008}.Debug|Mixed Platforms.Build.0 = Debug|Any CPU
		{40927854-FBC8-4891-B9E2-2106E0CE0008}.Debug|Win32.ActiveCfg = Debug|Any CPU
		{40927854-FBC8-4891-B9E2-2106E0CE0008}.Debug|Win32.Build.0 = Debug|Any CPU
		{40927854-FBC8-4891-B9E2-2106E0CE0008}.Debug|x64.ActiveCfg = Debug|Any CPU
		{40927854-FBC8-4891-B9E2-2106E0CE0008}.Debug|x64.Build.0 = Debug|Any CPU
		{40927854-FBC8-4891-B9E2-2106E0CE0008}.Debug|x86.ActiveCfg = Debug|Any CPU
		{40927854-FBC8-4891-B9E2-2106E0CE0008}.Debug|x86.Build.0 = Debug|Any CPU
		{40927854-FBC8-4891-B9E2-2106E0CE0008}.Release|amd64.ActiveCfg = Debug|Any CPU
		{40927854-FBC8-4891-B9E2-2106E0CE0008}.Release|amd64.Build.0 = Debug|Any CPU
		{40927854-FBC8-4891-B9E2-2106E0CE0008}.Release|Any CPU.ActiveCfg = Debug|Any CPU
		{40927854-FBC8-4891-B9E2-2106E0CE0008}.Release|Any CPU.Build.0 = Debug|Any CPU
		{40927854-FBC8-4891-B9E2-2106E0CE0008}.Release|Itanium.ActiveCfg = Debug|Any CPU
		{40927854-FBC8-4891-B9E2-2106E0CE0008}.Release|Itanium.Build.0 = Debug|Any CPU
		{40927854-FBC8-4891-B9E2-2106E0CE0008}.Release|Mixed Platforms.ActiveCfg = Debug|Any CPU
		{40927854-FBC8-4891-B9E2-2106E0CE0008}.Release|Mixed Platforms.Build.0 = Debug|Any CPU
		{40927854-FBC8-4891-B9E2-2106E0CE0008}.Release|Win32.ActiveCfg = Debug|Any CPU
		{40927854-FBC8-4891-B9E2-2106E0CE0008}.Release|Win32.Build.0 = Debug|Any CPU
		{40927854-FBC8-4891-B9E2-2106E0CE0008}.Release|x64.ActiveCfg = Debug|Any CPU
		{40927854-FBC8-4891-B9E2-2106E0CE0008}.Release|x64.Build.0 = Debug|Any CPU
		{40927854-FBC8-4891-B9E2-2106E0CE0008}.Release|x86.ActiveCfg = Debug|Any CPU
		{40927854-FBC8-4891-B9E2-2106E0CE0008}.Release|x86.Build.0 = Debug|Any CPU
		{7A4F4E54-DEA0-42C1-95BE-4C61216FFE9F}.Debug|amd64.ActiveCfg = Debug|Any CPU
		{7A4F4E54-DEA0-42C1-95BE-4C61216FFE9F}.Debug|amd64.Build.0 = Debug|Any CPU
		{7A4F4E54-DEA0-42C1-95BE-4C61216FFE9F}.Debug|Any CPU.ActiveCfg = Debug|Any CPU
		{7A4F4E54-DEA0-42C1-95BE-4C61216FFE9F}.Debug|Any CPU.Build.0 = Debug|Any CPU
		{7A4F4E54-DEA0-42C1-95BE-4C61216FFE9F}.Debug|Itanium.ActiveCfg = Debug|Any CPU
		{7A4F4E54-DEA0-42C1-95BE-4C61216FFE9F}.Debug|Itanium.Build.0 = Debug|Any CPU
		{7A4F4E54-DEA0-42C1-95BE-4C61216FFE9F}.Debug|Mixed Platforms.ActiveCfg = Debug|Any CPU
		{7A4F4E54-DEA0-42C1-95BE-4C61216FFE9F}.Debug|Mixed Platforms.Build.0 = Debug|Any CPU
		{7A4F4E54-DEA0-42C1-95BE-4C61216FFE9F}.Debug|Win32.ActiveCfg = Debug|Any CPU
		{7A4F4E54-DEA0-42C1-95BE-4C61216FFE9F}.Debug|Win32.Build.0 = Debug|Any CPU
		{7A4F4E54-DEA0-42C1-95BE-4C61216FFE9F}.Debug|x64.ActiveCfg = Debug|Any CPU
		{7A4F4E54-DEA0-42C1-95BE-4C61216FFE9F}.Debug|x64.Build.0 = Debug|Any CPU
		{7A4F4E54-DEA0-42C1-95BE-4C61216FFE9F}.Debug|x86.ActiveCfg = Debug|Any CPU
		{7A4F4E54-DEA0-42C1-95BE-4C61216FFE9F}.Debug|x86.Build.0 = Debug|Any CPU
		{7A4F4E54-DEA0-42C1-95BE-4C61216FFE9F}.Release|amd64.ActiveCfg = Debug|Any CPU
		{7A4F4E54-DEA0-42C1-95BE-4C61216FFE9F}.Release|amd64.Build.0 = Debug|Any CPU
		{7A4F4E54-DEA0-42C1-95BE-4C61216FFE9F}.Release|Any CPU.ActiveCfg = Debug|Any CPU
		{7A4F4E54-DEA0-42C1-95BE-4C61216FFE9F}.Release|Any CPU.Build.0 = Debug|Any CPU
		{7A4F4E54-DEA0-42C1-95BE-4C61216FFE9F}.Release|Itanium.ActiveCfg = Debug|Any CPU
		{7A4F4E54-DEA0-42C1-95BE-4C61216FFE9F}.Release|Itanium.Build.0 = Debug|Any CPU
		{7A4F4E54-DEA0-42C1-95BE-4C61216FFE9F}.Release|Mixed Platforms.ActiveCfg = Debug|Any CPU
		{7A4F4E54-DEA0-42C1-95BE-4C61216FFE9F}.Release|Mixed Platforms.Build.0 = Debug|Any CPU
		{7A4F4E54-DEA0-42C1-95BE-4C61216FFE9F}.Release|Win32.ActiveCfg = Debug|Any CPU
		{7A4F4E54-DEA0-42C1-95BE-4C61216FFE9F}.Release|Win32.Build.0 = Debug|Any CPU
		{7A4F4E54-DEA0-42C1-95BE-4C61216FFE9F}.Release|x64.ActiveCfg = Debug|Any CPU
		{7A4F4E54-DEA0-42C1-95BE-4C61216FFE9F}.Release|x64.Build.0 = Debug|Any CPU
		{7A4F4E54-DEA0-42C1-95BE-4C61216FFE9F}.Release|x86.ActiveCfg = Debug|Any CPU
		{7A4F4E54-DEA0-42C1-95BE-4C61216FFE9F}.Release|x86.Build.0 = Debug|Any CPU
		{5DEB6746-ECDD-4F60-A1A5-F9045BD5DF0D}.Debug|amd64.ActiveCfg = Debug|Any CPU
		{5DEB6746-ECDD-4F60-A1A5-F9045BD5DF0D}.Debug|amd64.Build.0 = Debug|Any CPU
		{5DEB6746-ECDD-4F60-A1A5-F9045BD5DF0D}.Debug|Any CPU.ActiveCfg = Debug|Any CPU
		{5DEB6746-ECDD-4F60-A1A5-F9045BD5DF0D}.Debug|Any CPU.Build.0 = Debug|Any CPU
		{5DEB6746-ECDD-4F60-A1A5-F9045BD5DF0D}.Debug|Itanium.ActiveCfg = Debug|Any CPU
		{5DEB6746-ECDD-4F60-A1A5-F9045BD5DF0D}.Debug|Itanium.Build.0 = Debug|Any CPU
		{5DEB6746-ECDD-4F60-A1A5-F9045BD5DF0D}.Debug|Mixed Platforms.ActiveCfg = Debug|Any CPU
		{5DEB6746-ECDD-4F60-A1A5-F9045BD5DF0D}.Debug|Mixed Platforms.Build.0 = Debug|Any CPU
		{5DEB6746-ECDD-4F60-A1A5-F9045BD5DF0D}.Debug|Win32.ActiveCfg = Debug|Any CPU
		{5DEB6746-ECDD-4F60-A1A5-F9045BD5DF0D}.Debug|Win32.Build.0 = Debug|Any CPU
		{5DEB6746-ECDD-4F60-A1A5-F9045BD5DF0D}.Debug|x64.ActiveCfg = Debug|Any CPU
		{5DEB6746-ECDD-4F60-A1A5-F9045BD5DF0D}.Debug|x64.Build.0 = Debug|Any CPU
		{5DEB6746-ECDD-4F60-A1A5-F9045BD5DF0D}.Debug|x86.ActiveCfg = Debug|Any CPU
		{5DEB6746-ECDD-4F60-A1A5-F9045BD5DF0D}.Debug|x86.Build.0 = Debug|Any CPU
		{5DEB6746-ECDD-4F60-A1A5-F9045BD5DF0D}.Release|amd64.ActiveCfg = Release|Any CPU
		{5DEB6746-ECDD-4F60-A1A5-F9045BD5DF0D}.Release|amd64.Build.0 = Release|Any CPU
		{5DEB6746-ECDD-4F60-A1A5-F9045BD5DF0D}.Release|Any CPU.ActiveCfg = Release|Any CPU
		{5DEB6746-ECDD-4F60-A1A5-F9045BD5DF0D}.Release|Any CPU.Build.0 = Release|Any CPU
		{5DEB6746-ECDD-4F60-A1A5-F9045BD5DF0D}.Release|Itanium.ActiveCfg = Release|Any CPU
		{5DEB6746-ECDD-4F60-A1A5-F9045BD5DF0D}.Release|Itanium.Build.0 = Release|Any CPU
		{5DEB6746-ECDD-4F60-A1A5-F9045BD5DF0D}.Release|Mixed Platforms.ActiveCfg = Release|Any CPU
		{5DEB6746-ECDD-4F60-A1A5-F9045BD5DF0D}.Release|Mixed Platforms.Build.0 = Release|Any CPU
		{5DEB6746-ECDD-4F60-A1A5-F9045BD5DF0D}.Release|Win32.ActiveCfg = Release|Any CPU
		{5DEB6746-ECDD-4F60-A1A5-F9045BD5DF0D}.Release|Win32.Build.0 = Release|Any CPU
		{5DEB6746-ECDD-4F60-A1A5-F9045BD5DF0D}.Release|x64.ActiveCfg = Release|Any CPU
		{5DEB6746-ECDD-4F60-A1A5-F9045BD5DF0D}.Release|x64.Build.0 = Release|Any CPU
		{5DEB6746-ECDD-4F60-A1A5-F9045BD5DF0D}.Release|x86.ActiveCfg = Release|Any CPU
		{5DEB6746-ECDD-4F60-A1A5-F9045BD5DF0D}.Release|x86.Build.0 = Release|Any CPU
		{200BFCA9-83BD-4646-9C4C-D061997A332E}.Debug|amd64.ActiveCfg = Debug|Any CPU
		{200BFCA9-83BD-4646-9C4C-D061997A332E}.Debug|amd64.Build.0 = Debug|Any CPU
		{200BFCA9-83BD-4646-9C4C-D061997A332E}.Debug|Any CPU.ActiveCfg = Debug|Any CPU
		{200BFCA9-83BD-4646-9C4C-D061997A332E}.Debug|Any CPU.Build.0 = Debug|Any CPU
		{200BFCA9-83BD-4646-9C4C-D061997A332E}.Debug|Itanium.ActiveCfg = Debug|Any CPU
		{200BFCA9-83BD-4646-9C4C-D061997A332E}.Debug|Itanium.Build.0 = Debug|Any CPU
		{200BFCA9-83BD-4646-9C4C-D061997A332E}.Debug|Mixed Platforms.ActiveCfg = Debug|Any CPU
		{200BFCA9-83BD-4646-9C4C-D061997A332E}.Debug|Mixed Platforms.Build.0 = Debug|Any CPU
		{200BFCA9-83BD-4646-9C4C-D061997A332E}.Debug|Win32.ActiveCfg = Debug|Any CPU
		{200BFCA9-83BD-4646-9C4C-D061997A332E}.Debug|Win32.Build.0 = Debug|Any CPU
		{200BFCA9-83BD-4646-9C4C-D061997A332E}.Debug|x64.ActiveCfg = Debug|Any CPU
		{200BFCA9-83BD-4646-9C4C-D061997A332E}.Debug|x64.Build.0 = Debug|Any CPU
		{200BFCA9-83BD-4646-9C4C-D061997A332E}.Debug|x86.ActiveCfg = Debug|Any CPU
		{200BFCA9-83BD-4646-9C4C-D061997A332E}.Debug|x86.Build.0 = Debug|Any CPU
		{200BFCA9-83BD-4646-9C4C-D061997A332E}.Release|amd64.ActiveCfg = Debug|Any CPU
		{200BFCA9-83BD-4646-9C4C-D061997A332E}.Release|amd64.Build.0 = Debug|Any CPU
		{200BFCA9-83BD-4646-9C4C-D061997A332E}.Release|Any CPU.ActiveCfg = Debug|Any CPU
		{200BFCA9-83BD-4646-9C4C-D061997A332E}.Release|Any CPU.Build.0 = Debug|Any CPU
		{200BFCA9-83BD-4646-9C4C-D061997A332E}.Release|Itanium.ActiveCfg = Debug|Any CPU
		{200BFCA9-83BD-4646-9C4C-D061997A332E}.Release|Itanium.Build.0 = Debug|Any CPU
		{200BFCA9-83BD-4646-9C4C-D061997A332E}.Release|Mixed Platforms.ActiveCfg = Debug|Any CPU
		{200BFCA9-83BD-4646-9C4C-D061997A332E}.Release|Mixed Platforms.Build.0 = Debug|Any CPU
		{200BFCA9-83BD-4646-9C4C-D061997A332E}.Release|Win32.ActiveCfg = Debug|Any CPU
		{200BFCA9-83BD-4646-9C4C-D061997A332E}.Release|Win32.Build.0 = Debug|Any CPU
		{200BFCA9-83BD-4646-9C4C-D061997A332E}.Release|x64.ActiveCfg = Debug|Any CPU
		{200BFCA9-83BD-4646-9C4C-D061997A332E}.Release|x64.Build.0 = Debug|Any CPU
		{200BFCA9-83BD-4646-9C4C-D061997A332E}.Release|x86.ActiveCfg = Debug|Any CPU
		{200BFCA9-83BD-4646-9C4C-D061997A332E}.Release|x86.Build.0 = Debug|Any CPU
		{8792CC93-AC1C-4E1D-AF35-9C21990A26F6}.Debug|amd64.ActiveCfg = Debug|Any CPU
		{8792CC93-AC1C-4E1D-AF35-9C21990A26F6}.Debug|amd64.Build.0 = Debug|Any CPU
		{8792CC93-AC1C-4E1D-AF35-9C21990A26F6}.Debug|Any CPU.ActiveCfg = Debug|Any CPU
		{8792CC93-AC1C-4E1D-AF35-9C21990A26F6}.Debug|Any CPU.Build.0 = Debug|Any CPU
		{8792CC93-AC1C-4E1D-AF35-9C21990A26F6}.Debug|Itanium.ActiveCfg = Debug|Any CPU
		{8792CC93-AC1C-4E1D-AF35-9C21990A26F6}.Debug|Itanium.Build.0 = Debug|Any CPU
		{8792CC93-AC1C-4E1D-AF35-9C21990A26F6}.Debug|Mixed Platforms.ActiveCfg = Debug|Any CPU
		{8792CC93-AC1C-4E1D-AF35-9C21990A26F6}.Debug|Mixed Platforms.Build.0 = Debug|Any CPU
		{8792CC93-AC1C-4E1D-AF35-9C21990A26F6}.Debug|Win32.ActiveCfg = Debug|Any CPU
		{8792CC93-AC1C-4E1D-AF35-9C21990A26F6}.Debug|Win32.Build.0 = Debug|Any CPU
		{8792CC93-AC1C-4E1D-AF35-9C21990A26F6}.Debug|x64.ActiveCfg = Debug|Any CPU
		{8792CC93-AC1C-4E1D-AF35-9C21990A26F6}.Debug|x64.Build.0 = Debug|Any CPU
		{8792CC93-AC1C-4E1D-AF35-9C21990A26F6}.Debug|x86.ActiveCfg = Debug|Any CPU
		{8792CC93-AC1C-4E1D-AF35-9C21990A26F6}.Debug|x86.Build.0 = Debug|Any CPU
		{8792CC93-AC1C-4E1D-AF35-9C21990A26F6}.Release|amd64.ActiveCfg = Debug|Any CPU
		{8792CC93-AC1C-4E1D-AF35-9C21990A26F6}.Release|amd64.Build.0 = Debug|Any CPU
		{8792CC93-AC1C-4E1D-AF35-9C21990A26F6}.Release|Any CPU.ActiveCfg = Debug|Any CPU
		{8792CC93-AC1C-4E1D-AF35-9C21990A26F6}.Release|Any CPU.Build.0 = Debug|Any CPU
		{8792CC93-AC1C-4E1D-AF35-9C21990A26F6}.Release|Itanium.ActiveCfg = Debug|Any CPU
		{8792CC93-AC1C-4E1D-AF35-9C21990A26F6}.Release|Itanium.Build.0 = Debug|Any CPU
		{8792CC93-AC1C-4E1D-AF35-9C21990A26F6}.Release|Mixed Platforms.ActiveCfg = Debug|Any CPU
		{8792CC93-AC1C-4E1D-AF35-9C21990A26F6}.Release|Mixed Platforms.Build.0 = Debug|Any CPU
		{8792CC93-AC1C-4E1D-AF35-9C21990A26F6}.Release|Win32.ActiveCfg = Debug|Any CPU
		{8792CC93-AC1C-4E1D-AF35-9C21990A26F6}.Release|Win32.Build.0 = Debug|Any CPU
		{8792CC93-AC1C-4E1D-AF35-9C21990A26F6}.Release|x64.ActiveCfg = Debug|Any CPU
		{8792CC93-AC1C-4E1D-AF35-9C21990A26F6}.Release|x64.Build.0 = Debug|Any CPU
		{8792CC93-AC1C-4E1D-AF35-9C21990A26F6}.Release|x86.ActiveCfg = Debug|Any CPU
		{8792CC93-AC1C-4E1D-AF35-9C21990A26F6}.Release|x86.Build.0 = Debug|Any CPU
		{6322CA67-0BDA-443D-B7B9-C743DF96599C}.Debug|amd64.ActiveCfg = Debug|Any CPU
		{6322CA67-0BDA-443D-B7B9-C743DF96599C}.Debug|amd64.Build.0 = Debug|Any CPU
		{6322CA67-0BDA-443D-B7B9-C743DF96599C}.Debug|Any CPU.ActiveCfg = Debug|Any CPU
		{6322CA67-0BDA-443D-B7B9-C743DF96599C}.Debug|Any CPU.Build.0 = Debug|Any CPU
		{6322CA67-0BDA-443D-B7B9-C743DF96599C}.Debug|Itanium.ActiveCfg = Debug|Any CPU
		{6322CA67-0BDA-443D-B7B9-C743DF96599C}.Debug|Itanium.Build.0 = Debug|Any CPU
		{6322CA67-0BDA-443D-B7B9-C743DF96599C}.Debug|Mixed Platforms.ActiveCfg = Debug|Any CPU
		{6322CA67-0BDA-443D-B7B9-C743DF96599C}.Debug|Mixed Platforms.Build.0 = Debug|Any CPU
		{6322CA67-0BDA-443D-B7B9-C743DF96599C}.Debug|Win32.ActiveCfg = Debug|Any CPU
		{6322CA67-0BDA-443D-B7B9-C743DF96599C}.Debug|Win32.Build.0 = Debug|Any CPU
		{6322CA67-0BDA-443D-B7B9-C743DF96599C}.Debug|x64.ActiveCfg = Debug|Any CPU
		{6322CA67-0BDA-443D-B7B9-C743DF96599C}.Debug|x64.Build.0 = Debug|Any CPU
		{6322CA67-0BDA-443D-B7B9-C743DF96599C}.Debug|x86.ActiveCfg = Debug|Any CPU
		{6322CA67-0BDA-443D-B7B9-C743DF96599C}.Debug|x86.Build.0 = Debug|Any CPU
		{6322CA67-0BDA-443D-B7B9-C743DF96599C}.Release|amd64.ActiveCfg = Release|Any CPU
		{6322CA67-0BDA-443D-B7B9-C743DF96599C}.Release|amd64.Build.0 = Release|Any CPU
		{6322CA67-0BDA-443D-B7B9-C743DF96599C}.Release|Any CPU.ActiveCfg = Release|Any CPU
		{6322CA67-0BDA-443D-B7B9-C743DF96599C}.Release|Any CPU.Build.0 = Release|Any CPU
		{6322CA67-0BDA-443D-B7B9-C743DF96599C}.Release|Itanium.ActiveCfg = Release|Any CPU
		{6322CA67-0BDA-443D-B7B9-C743DF96599C}.Release|Itanium.Build.0 = Release|Any CPU
		{6322CA67-0BDA-443D-B7B9-C743DF96599C}.Release|Mixed Platforms.ActiveCfg = Release|Any CPU
		{6322CA67-0BDA-443D-B7B9-C743DF96599C}.Release|Mixed Platforms.Build.0 = Release|Any CPU
		{6322CA67-0BDA-443D-B7B9-C743DF96599C}.Release|Win32.ActiveCfg = Release|Any CPU
		{6322CA67-0BDA-443D-B7B9-C743DF96599C}.Release|Win32.Build.0 = Release|Any CPU
		{6322CA67-0BDA-443D-B7B9-C743DF96599C}.Release|x64.ActiveCfg = Release|Any CPU
		{6322CA67-0BDA-443D-B7B9-C743DF96599C}.Release|x64.Build.0 = Release|Any CPU
		{6322CA67-0BDA-443D-B7B9-C743DF96599C}.Release|x86.ActiveCfg = Release|Any CPU
		{6322CA67-0BDA-443D-B7B9-C743DF96599C}.Release|x86.Build.0 = Release|Any CPU
		{616ACE19-7B2C-4098-8679-A7B69CAF8B2A}.Debug|amd64.ActiveCfg = Debug|Any CPU
		{616ACE19-7B2C-4098-8679-A7B69CAF8B2A}.Debug|amd64.Build.0 = Debug|Any CPU
		{616ACE19-7B2C-4098-8679-A7B69CAF8B2A}.Debug|Any CPU.ActiveCfg = Debug|Any CPU
		{616ACE19-7B2C-4098-8679-A7B69CAF8B2A}.Debug|Any CPU.Build.0 = Debug|Any CPU
		{616ACE19-7B2C-4098-8679-A7B69CAF8B2A}.Debug|Itanium.ActiveCfg = Debug|Any CPU
		{616ACE19-7B2C-4098-8679-A7B69CAF8B2A}.Debug|Itanium.Build.0 = Debug|Any CPU
		{616ACE19-7B2C-4098-8679-A7B69CAF8B2A}.Debug|Mixed Platforms.ActiveCfg = Debug|Any CPU
		{616ACE19-7B2C-4098-8679-A7B69CAF8B2A}.Debug|Mixed Platforms.Build.0 = Debug|Any CPU
		{616ACE19-7B2C-4098-8679-A7B69CAF8B2A}.Debug|Win32.ActiveCfg = Debug|Any CPU
		{616ACE19-7B2C-4098-8679-A7B69CAF8B2A}.Debug|Win32.Build.0 = Debug|Any CPU
		{616ACE19-7B2C-4098-8679-A7B69CAF8B2A}.Debug|x64.ActiveCfg = Debug|Any CPU
		{616ACE19-7B2C-4098-8679-A7B69CAF8B2A}.Debug|x64.Build.0 = Debug|Any CPU
		{616ACE19-7B2C-4098-8679-A7B69CAF8B2A}.Debug|x86.ActiveCfg = Debug|Any CPU
		{616ACE19-7B2C-4098-8679-A7B69CAF8B2A}.Debug|x86.Build.0 = Debug|Any CPU
		{616ACE19-7B2C-4098-8679-A7B69CAF8B2A}.Release|amd64.ActiveCfg = Debug|Any CPU
		{616ACE19-7B2C-4098-8679-A7B69CAF8B2A}.Release|amd64.Build.0 = Debug|Any CPU
		{616ACE19-7B2C-4098-8679-A7B69CAF8B2A}.Release|Any CPU.ActiveCfg = Debug|Any CPU
		{616ACE19-7B2C-4098-8679-A7B69CAF8B2A}.Release|Any CPU.Build.0 = Debug|Any CPU
		{616ACE19-7B2C-4098-8679-A7B69CAF8B2A}.Release|Itanium.ActiveCfg = Debug|Any CPU
		{616ACE19-7B2C-4098-8679-A7B69CAF8B2A}.Release|Itanium.Build.0 = Debug|Any CPU
		{616ACE19-7B2C-4098-8679-A7B69CAF8B2A}.Release|Mixed Platforms.ActiveCfg = Debug|Any CPU
		{616ACE19-7B2C-4098-8679-A7B69CAF8B2A}.Release|Mixed Platforms.Build.0 = Debug|Any CPU
		{616ACE19-7B2C-4098-8679-A7B69CAF8B2A}.Release|Win32.ActiveCfg = Debug|Any CPU
		{616ACE19-7B2C-4098-8679-A7B69CAF8B2A}.Release|Win32.Build.0 = Debug|Any CPU
		{616ACE19-7B2C-4098-8679-A7B69CAF8B2A}.Release|x64.ActiveCfg = Debug|Any CPU
		{616ACE19-7B2C-4098-8679-A7B69CAF8B2A}.Release|x64.Build.0 = Debug|Any CPU
		{616ACE19-7B2C-4098-8679-A7B69CAF8B2A}.Release|x86.ActiveCfg = Debug|Any CPU
		{616ACE19-7B2C-4098-8679-A7B69CAF8B2A}.Release|x86.Build.0 = Debug|Any CPU
		{E3D9FD31-E67C-4AFB-9901-C61F3D009527}.Debug|amd64.ActiveCfg = Debug|Any CPU
		{E3D9FD31-E67C-4AFB-9901-C61F3D009527}.Debug|amd64.Build.0 = Debug|Any CPU
		{E3D9FD31-E67C-4AFB-9901-C61F3D009527}.Debug|Any CPU.ActiveCfg = Debug|Any CPU
		{E3D9FD31-E67C-4AFB-9901-C61F3D009527}.Debug|Any CPU.Build.0 = Debug|Any CPU
		{E3D9FD31-E67C-4AFB-9901-C61F3D009527}.Debug|Itanium.ActiveCfg = Debug|Any CPU
		{E3D9FD31-E67C-4AFB-9901-C61F3D009527}.Debug|Itanium.Build.0 = Debug|Any CPU
		{E3D9FD31-E67C-4AFB-9901-C61F3D009527}.Debug|Mixed Platforms.ActiveCfg = Debug|Any CPU
		{E3D9FD31-E67C-4AFB-9901-C61F3D009527}.Debug|Mixed Platforms.Build.0 = Debug|Any CPU
		{E3D9FD31-E67C-4AFB-9901-C61F3D009527}.Debug|Win32.ActiveCfg = Debug|Any CPU
		{E3D9FD31-E67C-4AFB-9901-C61F3D009527}.Debug|Win32.Build.0 = Debug|Any CPU
		{E3D9FD31-E67C-4AFB-9901-C61F3D009527}.Debug|x64.ActiveCfg = Debug|Any CPU
		{E3D9FD31-E67C-4AFB-9901-C61F3D009527}.Debug|x64.Build.0 = Debug|Any CPU
		{E3D9FD31-E67C-4AFB-9901-C61F3D009527}.Debug|x86.ActiveCfg = Debug|Any CPU
		{E3D9FD31-E67C-4AFB-9901-C61F3D009527}.Debug|x86.Build.0 = Debug|Any CPU
		{E3D9FD31-E67C-4AFB-9901-C61F3D009527}.Release|amd64.ActiveCfg = Debug|Any CPU
		{E3D9FD31-E67C-4AFB-9901-C61F3D009527}.Release|amd64.Build.0 = Debug|Any CPU
		{E3D9FD31-E67C-4AFB-9901-C61F3D009527}.Release|Any CPU.ActiveCfg = Debug|Any CPU
		{E3D9FD31-E67C-4AFB-9901-C61F3D009527}.Release|Any CPU.Build.0 = Debug|Any CPU
		{E3D9FD31-E67C-4AFB-9901-C61F3D009527}.Release|Itanium.ActiveCfg = Debug|Any CPU
		{E3D9FD31-E67C-4AFB-9901-C61F3D009527}.Release|Itanium.Build.0 = Debug|Any CPU
		{E3D9FD31-E67C-4AFB-9901-C61F3D009527}.Release|Mixed Platforms.ActiveCfg = Debug|Any CPU
		{E3D9FD31-E67C-4AFB-9901-C61F3D009527}.Release|Mixed Platforms.Build.0 = Debug|Any CPU
		{E3D9FD31-E67C-4AFB-9901-C61F3D009527}.Release|Win32.ActiveCfg = Debug|Any CPU
		{E3D9FD31-E67C-4AFB-9901-C61F3D009527}.Release|Win32.Build.0 = Debug|Any CPU
		{E3D9FD31-E67C-4AFB-9901-C61F3D009527}.Release|x64.ActiveCfg = Debug|Any CPU
		{E3D9FD31-E67C-4AFB-9901-C61F3D009527}.Release|x64.Build.0 = Debug|Any CPU
		{E3D9FD31-E67C-4AFB-9901-C61F3D009527}.Release|x86.ActiveCfg = Debug|Any CPU
		{E3D9FD31-E67C-4AFB-9901-C61F3D009527}.Release|x86.Build.0 = Debug|Any CPU
		{B3E74ACE-DA7E-4AC7-A2DA-7072F2D2C888}.Debug|amd64.ActiveCfg = Debug|Any CPU
		{B3E74ACE-DA7E-4AC7-A2DA-7072F2D2C888}.Debug|amd64.Build.0 = Debug|Any CPU
		{B3E74ACE-DA7E-4AC7-A2DA-7072F2D2C888}.Debug|Any CPU.ActiveCfg = Debug|Any CPU
		{B3E74ACE-DA7E-4AC7-A2DA-7072F2D2C888}.Debug|Any CPU.Build.0 = Debug|Any CPU
		{B3E74ACE-DA7E-4AC7-A2DA-7072F2D2C888}.Debug|Itanium.ActiveCfg = Debug|Any CPU
		{B3E74ACE-DA7E-4AC7-A2DA-7072F2D2C888}.Debug|Itanium.Build.0 = Debug|Any CPU
		{B3E74ACE-DA7E-4AC7-A2DA-7072F2D2C888}.Debug|Mixed Platforms.ActiveCfg = Debug|Any CPU
		{B3E74ACE-DA7E-4AC7-A2DA-7072F2D2C888}.Debug|Mixed Platforms.Build.0 = Debug|Any CPU
		{B3E74ACE-DA7E-4AC7-A2DA-7072F2D2C888}.Debug|Win32.ActiveCfg = Debug|Any CPU
		{B3E74ACE-DA7E-4AC7-A2DA-7072F2D2C888}.Debug|Win32.Build.0 = Debug|Any CPU
		{B3E74ACE-DA7E-4AC7-A2DA-7072F2D2C888}.Debug|x64.ActiveCfg = Debug|Any CPU
		{B3E74ACE-DA7E-4AC7-A2DA-7072F2D2C888}.Debug|x64.Build.0 = Debug|Any CPU
		{B3E74ACE-DA7E-4AC7-A2DA-7072F2D2C888}.Debug|x86.ActiveCfg = Debug|Any CPU
		{B3E74ACE-DA7E-4AC7-A2DA-7072F2D2C888}.Debug|x86.Build.0 = Debug|Any CPU
		{B3E74ACE-DA7E-4AC7-A2DA-7072F2D2C888}.Release|amd64.ActiveCfg = Debug|Any CPU
		{B3E74ACE-DA7E-4AC7-A2DA-7072F2D2C888}.Release|amd64.Build.0 = Debug|Any CPU
		{B3E74ACE-DA7E-4AC7-A2DA-7072F2D2C888}.Release|Any CPU.ActiveCfg = Debug|Any CPU
		{B3E74ACE-DA7E-4AC7-A2DA-7072F2D2C888}.Release|Any CPU.Build.0 = Debug|Any CPU
		{B3E74ACE-DA7E-4AC7-A2DA-7072F2D2C888}.Release|Itanium.ActiveCfg = Debug|Any CPU
		{B3E74ACE-DA7E-4AC7-A2DA-7072F2D2C888}.Release|Itanium.Build.0 = Debug|Any CPU
		{B3E74ACE-DA7E-4AC7-A2DA-7072F2D2C888}.Release|Mixed Platforms.ActiveCfg = Debug|Any CPU
		{B3E74ACE-DA7E-4AC7-A2DA-7072F2D2C888}.Release|Mixed Platforms.Build.0 = Debug|Any CPU
		{B3E74ACE-DA7E-4AC7-A2DA-7072F2D2C888}.Release|Win32.ActiveCfg = Debug|Any CPU
		{B3E74ACE-DA7E-4AC7-A2DA-7072F2D2C888}.Release|Win32.Build.0 = Debug|Any CPU
		{B3E74ACE-DA7E-4AC7-A2DA-7072F2D2C888}.Release|x64.ActiveCfg = Debug|Any CPU
		{B3E74ACE-DA7E-4AC7-A2DA-7072F2D2C888}.Release|x64.Build.0 = Debug|Any CPU
		{B3E74ACE-DA7E-4AC7-A2DA-7072F2D2C888}.Release|x86.ActiveCfg = Debug|Any CPU
		{B3E74ACE-DA7E-4AC7-A2DA-7072F2D2C888}.Release|x86.Build.0 = Debug|Any CPU
		{375A1898-AEAF-4710-BFFC-97C7B4216602}.Debug|amd64.ActiveCfg = Debug|Any CPU
		{375A1898-AEAF-4710-BFFC-97C7B4216602}.Debug|amd64.Build.0 = Debug|Any CPU
		{375A1898-AEAF-4710-BFFC-97C7B4216602}.Debug|Any CPU.ActiveCfg = Debug|Any CPU
		{375A1898-AEAF-4710-BFFC-97C7B4216602}.Debug|Any CPU.Build.0 = Debug|Any CPU
		{375A1898-AEAF-4710-BFFC-97C7B4216602}.Debug|Itanium.ActiveCfg = Debug|Any CPU
		{375A1898-AEAF-4710-BFFC-97C7B4216602}.Debug|Itanium.Build.0 = Debug|Any CPU
		{375A1898-AEAF-4710-BFFC-97C7B4216602}.Debug|Mixed Platforms.ActiveCfg = Debug|Any CPU
		{375A1898-AEAF-4710-BFFC-97C7B4216602}.Debug|Mixed Platforms.Build.0 = Debug|Any CPU
		{375A1898-AEAF-4710-BFFC-97C7B4216602}.Debug|Win32.ActiveCfg = Debug|Any CPU
		{375A1898-AEAF-4710-BFFC-97C7B4216602}.Debug|Win32.Build.0 = Debug|Any CPU
		{375A1898-AEAF-4710-BFFC-97C7B4216602}.Debug|x64.ActiveCfg = Debug|Any CPU
		{375A1898-AEAF-4710-BFFC-97C7B4216602}.Debug|x64.Build.0 = Debug|Any CPU
		{375A1898-AEAF-4710-BFFC-97C7B4216602}.Debug|x86.ActiveCfg = Debug|Any CPU
		{375A1898-AEAF-4710-BFFC-97C7B4216602}.Debug|x86.Build.0 = Debug|Any CPU
		{375A1898-AEAF-4710-BFFC-97C7B4216602}.Release|amd64.ActiveCfg = Debug|Any CPU
		{375A1898-AEAF-4710-BFFC-97C7B4216602}.Release|amd64.Build.0 = Debug|Any CPU
		{375A1898-AEAF-4710-BFFC-97C7B4216602}.Release|Any CPU.ActiveCfg = Debug|Any CPU
		{375A1898-AEAF-4710-BFFC-97C7B4216602}.Release|Any CPU.Build.0 = Debug|Any CPU
		{375A1898-AEAF-4710-BFFC-97C7B4216602}.Release|Itanium.ActiveCfg = Debug|Any CPU
		{375A1898-AEAF-4710-BFFC-97C7B4216602}.Release|Itanium.Build.0 = Debug|Any CPU
		{375A1898-AEAF-4710-BFFC-97C7B4216602}.Release|Mixed Platforms.ActiveCfg = Debug|Any CPU
		{375A1898-AEAF-4710-BFFC-97C7B4216602}.Release|Mixed Platforms.Build.0 = Debug|Any CPU
		{375A1898-AEAF-4710-BFFC-97C7B4216602}.Release|Win32.ActiveCfg = Debug|Any CPU
		{375A1898-AEAF-4710-BFFC-97C7B4216602}.Release|Win32.Build.0 = Debug|Any CPU
		{375A1898-AEAF-4710-BFFC-97C7B4216602}.Release|x64.ActiveCfg = Debug|Any CPU
		{375A1898-AEAF-4710-BFFC-97C7B4216602}.Release|x64.Build.0 = Debug|Any CPU
		{375A1898-AEAF-4710-BFFC-97C7B4216602}.Release|x86.ActiveCfg = Debug|Any CPU
		{375A1898-AEAF-4710-BFFC-97C7B4216602}.Release|x86.Build.0 = Debug|Any CPU
		{CD51C772-17A1-455B-AA01-2B38805E14BE}.Debug|amd64.ActiveCfg = Debug|Any CPU
		{CD51C772-17A1-455B-AA01-2B38805E14BE}.Debug|amd64.Build.0 = Debug|Any CPU
		{CD51C772-17A1-455B-AA01-2B38805E14BE}.Debug|Any CPU.ActiveCfg = Debug|Any CPU
		{CD51C772-17A1-455B-AA01-2B38805E14BE}.Debug|Any CPU.Build.0 = Debug|Any CPU
		{CD51C772-17A1-455B-AA01-2B38805E14BE}.Debug|Itanium.ActiveCfg = Debug|Any CPU
		{CD51C772-17A1-455B-AA01-2B38805E14BE}.Debug|Itanium.Build.0 = Debug|Any CPU
		{CD51C772-17A1-455B-AA01-2B38805E14BE}.Debug|Mixed Platforms.ActiveCfg = Debug|Any CPU
		{CD51C772-17A1-455B-AA01-2B38805E14BE}.Debug|Mixed Platforms.Build.0 = Debug|Any CPU
		{CD51C772-17A1-455B-AA01-2B38805E14BE}.Debug|Win32.ActiveCfg = Debug|Any CPU
		{CD51C772-17A1-455B-AA01-2B38805E14BE}.Debug|Win32.Build.0 = Debug|Any CPU
		{CD51C772-17A1-455B-AA01-2B38805E14BE}.Debug|x64.ActiveCfg = Debug|Any CPU
		{CD51C772-17A1-455B-AA01-2B38805E14BE}.Debug|x64.Build.0 = Debug|Any CPU
		{CD51C772-17A1-455B-AA01-2B38805E14BE}.Debug|x86.ActiveCfg = Debug|Any CPU
		{CD51C772-17A1-455B-AA01-2B38805E14BE}.Debug|x86.Build.0 = Debug|Any CPU
		{CD51C772-17A1-455B-AA01-2B38805E14BE}.Release|amd64.ActiveCfg = Debug|Any CPU
		{CD51C772-17A1-455B-AA01-2B38805E14BE}.Release|amd64.Build.0 = Debug|Any CPU
		{CD51C772-17A1-455B-AA01-2B38805E14BE}.Release|Any CPU.ActiveCfg = Debug|Any CPU
		{CD51C772-17A1-455B-AA01-2B38805E14BE}.Release|Any CPU.Build.0 = Debug|Any CPU
		{CD51C772-17A1-455B-AA01-2B38805E14BE}.Release|Itanium.ActiveCfg = Debug|Any CPU
		{CD51C772-17A1-455B-AA01-2B38805E14BE}.Release|Itanium.Build.0 = Debug|Any CPU
		{CD51C772-17A1-455B-AA01-2B38805E14BE}.Release|Mixed Platforms.ActiveCfg = Debug|Any CPU
		{CD51C772-17A1-455B-AA01-2B38805E14BE}.Release|Mixed Platforms.Build.0 = Debug|Any CPU
		{CD51C772-17A1-455B-AA01-2B38805E14BE}.Release|Win32.ActiveCfg = Debug|Any CPU
		{CD51C772-17A1-455B-AA01-2B38805E14BE}.Release|Win32.Build.0 = Debug|Any CPU
		{CD51C772-17A1-455B-AA01-2B38805E14BE}.Release|x64.ActiveCfg = Debug|Any CPU
		{CD51C772-17A1-455B-AA01-2B38805E14BE}.Release|x64.Build.0 = Debug|Any CPU
		{CD51C772-17A1-455B-AA01-2B38805E14BE}.Release|x86.ActiveCfg = Debug|Any CPU
		{CD51C772-17A1-455B-AA01-2B38805E14BE}.Release|x86.Build.0 = Debug|Any CPU
		{228B3580-8665-42A2-9C13-BE0E65F7038C}.Debug|amd64.ActiveCfg = Debug|Any CPU
		{228B3580-8665-42A2-9C13-BE0E65F7038C}.Debug|amd64.Build.0 = Debug|Any CPU
		{228B3580-8665-42A2-9C13-BE0E65F7038C}.Debug|Any CPU.ActiveCfg = Debug|Any CPU
		{228B3580-8665-42A2-9C13-BE0E65F7038C}.Debug|Any CPU.Build.0 = Debug|Any CPU
		{228B3580-8665-42A2-9C13-BE0E65F7038C}.Debug|Itanium.ActiveCfg = Debug|Any CPU
		{228B3580-8665-42A2-9C13-BE0E65F7038C}.Debug|Itanium.Build.0 = Debug|Any CPU
		{228B3580-8665-42A2-9C13-BE0E65F7038C}.Debug|Mixed Platforms.ActiveCfg = Debug|Any CPU
		{228B3580-8665-42A2-9C13-BE0E65F7038C}.Debug|Mixed Platforms.Build.0 = Debug|Any CPU
		{228B3580-8665-42A2-9C13-BE0E65F7038C}.Debug|Win32.ActiveCfg = Debug|Any CPU
		{228B3580-8665-42A2-9C13-BE0E65F7038C}.Debug|Win32.Build.0 = Debug|Any CPU
		{228B3580-8665-42A2-9C13-BE0E65F7038C}.Debug|x64.ActiveCfg = Debug|Any CPU
		{228B3580-8665-42A2-9C13-BE0E65F7038C}.Debug|x64.Build.0 = Debug|Any CPU
		{228B3580-8665-42A2-9C13-BE0E65F7038C}.Debug|x86.ActiveCfg = Debug|Any CPU
		{228B3580-8665-42A2-9C13-BE0E65F7038C}.Debug|x86.Build.0 = Debug|Any CPU
		{228B3580-8665-42A2-9C13-BE0E65F7038C}.Release|amd64.ActiveCfg = Release|Any CPU
		{228B3580-8665-42A2-9C13-BE0E65F7038C}.Release|amd64.Build.0 = Release|Any CPU
		{228B3580-8665-42A2-9C13-BE0E65F7038C}.Release|Any CPU.ActiveCfg = Release|Any CPU
		{228B3580-8665-42A2-9C13-BE0E65F7038C}.Release|Any CPU.Build.0 = Release|Any CPU
		{228B3580-8665-42A2-9C13-BE0E65F7038C}.Release|Itanium.ActiveCfg = Release|Any CPU
		{228B3580-8665-42A2-9C13-BE0E65F7038C}.Release|Itanium.Build.0 = Release|Any CPU
		{228B3580-8665-42A2-9C13-BE0E65F7038C}.Release|Mixed Platforms.ActiveCfg = Release|Any CPU
		{228B3580-8665-42A2-9C13-BE0E65F7038C}.Release|Mixed Platforms.Build.0 = Release|Any CPU
		{228B3580-8665-42A2-9C13-BE0E65F7038C}.Release|Win32.ActiveCfg = Release|Any CPU
		{228B3580-8665-42A2-9C13-BE0E65F7038C}.Release|Win32.Build.0 = Release|Any CPU
		{228B3580-8665-42A2-9C13-BE0E65F7038C}.Release|x64.ActiveCfg = Release|Any CPU
		{228B3580-8665-42A2-9C13-BE0E65F7038C}.Release|x64.Build.0 = Release|Any CPU
		{228B3580-8665-42A2-9C13-BE0E65F7038C}.Release|x86.ActiveCfg = Release|Any CPU
		{228B3580-8665-42A2-9C13-BE0E65F7038C}.Release|x86.Build.0 = Release|Any CPU
		{70AE2202-8F2B-4417-A9D5-B400979D56A9}.Debug|amd64.ActiveCfg = Debug|Any CPU
		{70AE2202-8F2B-4417-A9D5-B400979D56A9}.Debug|amd64.Build.0 = Debug|Any CPU
		{70AE2202-8F2B-4417-A9D5-B400979D56A9}.Debug|Any CPU.ActiveCfg = Debug|Any CPU
		{70AE2202-8F2B-4417-A9D5-B400979D56A9}.Debug|Any CPU.Build.0 = Debug|Any CPU
		{70AE2202-8F2B-4417-A9D5-B400979D56A9}.Debug|Itanium.ActiveCfg = Debug|Any CPU
		{70AE2202-8F2B-4417-A9D5-B400979D56A9}.Debug|Itanium.Build.0 = Debug|Any CPU
		{70AE2202-8F2B-4417-A9D5-B400979D56A9}.Debug|Mixed Platforms.ActiveCfg = Debug|Any CPU
		{70AE2202-8F2B-4417-A9D5-B400979D56A9}.Debug|Mixed Platforms.Build.0 = Debug|Any CPU
		{70AE2202-8F2B-4417-A9D5-B400979D56A9}.Debug|Win32.ActiveCfg = Debug|Any CPU
		{70AE2202-8F2B-4417-A9D5-B400979D56A9}.Debug|Win32.Build.0 = Debug|Any CPU
		{70AE2202-8F2B-4417-A9D5-B400979D56A9}.Debug|x64.ActiveCfg = Debug|Any CPU
		{70AE2202-8F2B-4417-A9D5-B400979D56A9}.Debug|x64.Build.0 = Debug|Any CPU
		{70AE2202-8F2B-4417-A9D5-B400979D56A9}.Debug|x86.ActiveCfg = Debug|Any CPU
		{70AE2202-8F2B-4417-A9D5-B400979D56A9}.Debug|x86.Build.0 = Debug|Any CPU
		{70AE2202-8F2B-4417-A9D5-B400979D56A9}.Release|amd64.ActiveCfg = Debug|Any CPU
		{70AE2202-8F2B-4417-A9D5-B400979D56A9}.Release|amd64.Build.0 = Debug|Any CPU
		{70AE2202-8F2B-4417-A9D5-B400979D56A9}.Release|Any CPU.ActiveCfg = Debug|Any CPU
		{70AE2202-8F2B-4417-A9D5-B400979D56A9}.Release|Any CPU.Build.0 = Debug|Any CPU
		{70AE2202-8F2B-4417-A9D5-B400979D56A9}.Release|Itanium.ActiveCfg = Debug|Any CPU
		{70AE2202-8F2B-4417-A9D5-B400979D56A9}.Release|Itanium.Build.0 = Debug|Any CPU
		{70AE2202-8F2B-4417-A9D5-B400979D56A9}.Release|Mixed Platforms.ActiveCfg = Debug|Any CPU
		{70AE2202-8F2B-4417-A9D5-B400979D56A9}.Release|Mixed Platforms.Build.0 = Debug|Any CPU
		{70AE2202-8F2B-4417-A9D5-B400979D56A9}.Release|Win32.ActiveCfg = Debug|Any CPU
		{70AE2202-8F2B-4417-A9D5-B400979D56A9}.Release|Win32.Build.0 = Debug|Any CPU
		{70AE2202-8F2B-4417-A9D5-B400979D56A9}.Release|x64.ActiveCfg = Debug|Any CPU
		{70AE2202-8F2B-4417-A9D5-B400979D56A9}.Release|x64.Build.0 = Debug|Any CPU
		{70AE2202-8F2B-4417-A9D5-B400979D56A9}.Release|x86.ActiveCfg = Debug|Any CPU
		{70AE2202-8F2B-4417-A9D5-B400979D56A9}.Release|x86.Build.0 = Debug|Any CPU
		{00ED537D-78BC-4B32-8D63-FB861450DF4C}.Debug|amd64.ActiveCfg = Debug|Any CPU
		{00ED537D-78BC-4B32-8D63-FB861450DF4C}.Debug|amd64.Build.0 = Debug|Any CPU
		{00ED537D-78BC-4B32-8D63-FB861450DF4C}.Debug|Any CPU.ActiveCfg = Debug|Any CPU
		{00ED537D-78BC-4B32-8D63-FB861450DF4C}.Debug|Any CPU.Build.0 = Debug|Any CPU
		{00ED537D-78BC-4B32-8D63-FB861450DF4C}.Debug|Itanium.ActiveCfg = Debug|Any CPU
		{00ED537D-78BC-4B32-8D63-FB861450DF4C}.Debug|Itanium.Build.0 = Debug|Any CPU
		{00ED537D-78BC-4B32-8D63-FB861450DF4C}.Debug|Mixed Platforms.ActiveCfg = Debug|Any CPU
		{00ED537D-78BC-4B32-8D63-FB861450DF4C}.Debug|Mixed Platforms.Build.0 = Debug|Any CPU
		{00ED537D-78BC-4B32-8D63-FB861450DF4C}.Debug|Win32.ActiveCfg = Debug|Any CPU
		{00ED537D-78BC-4B32-8D63-FB861450DF4C}.Debug|Win32.Build.0 = Debug|Any CPU
		{00ED537D-78BC-4B32-8D63-FB861450DF4C}.Debug|x64.ActiveCfg = Debug|Any CPU
		{00ED537D-78BC-4B32-8D63-FB861450DF4C}.Debug|x64.Build.0 = Debug|Any CPU
		{00ED537D-78BC-4B32-8D63-FB861450DF4C}.Debug|x86.ActiveCfg = Debug|Any CPU
		{00ED537D-78BC-4B32-8D63-FB861450DF4C}.Debug|x86.Build.0 = Debug|Any CPU
		{00ED537D-78BC-4B32-8D63-FB861450DF4C}.Release|amd64.ActiveCfg = Release|Any CPU
		{00ED537D-78BC-4B32-8D63-FB861450DF4C}.Release|amd64.Build.0 = Release|Any CPU
		{00ED537D-78BC-4B32-8D63-FB861450DF4C}.Release|Any CPU.ActiveCfg = Release|Any CPU
		{00ED537D-78BC-4B32-8D63-FB861450DF4C}.Release|Any CPU.Build.0 = Release|Any CPU
		{00ED537D-78BC-4B32-8D63-FB861450DF4C}.Release|Itanium.ActiveCfg = Release|Any CPU
		{00ED537D-78BC-4B32-8D63-FB861450DF4C}.Release|Itanium.Build.0 = Release|Any CPU
		{00ED537D-78BC-4B32-8D63-FB861450DF4C}.Release|Mixed Platforms.ActiveCfg = Debug|Any CPU
		{00ED537D-78BC-4B32-8D63-FB861450DF4C}.Release|Mixed Platforms.Build.0 = Debug|Any CPU
		{00ED537D-78BC-4B32-8D63-FB861450DF4C}.Release|Win32.ActiveCfg = Release|Any CPU
		{00ED537D-78BC-4B32-8D63-FB861450DF4C}.Release|Win32.Build.0 = Release|Any CPU
		{00ED537D-78BC-4B32-8D63-FB861450DF4C}.Release|x64.ActiveCfg = Release|Any CPU
		{00ED537D-78BC-4B32-8D63-FB861450DF4C}.Release|x64.Build.0 = Release|Any CPU
		{00ED537D-78BC-4B32-8D63-FB861450DF4C}.Release|x86.ActiveCfg = Release|Any CPU
		{00ED537D-78BC-4B32-8D63-FB861450DF4C}.Release|x86.Build.0 = Release|Any CPU
		{59F56111-E5C6-4D5D-BEAC-E61C1503E995}.Debug|amd64.ActiveCfg = Debug|Any CPU
		{59F56111-E5C6-4D5D-BEAC-E61C1503E995}.Debug|amd64.Build.0 = Debug|Any CPU
		{59F56111-E5C6-4D5D-BEAC-E61C1503E995}.Debug|Any CPU.ActiveCfg = Debug|Any CPU
		{59F56111-E5C6-4D5D-BEAC-E61C1503E995}.Debug|Any CPU.Build.0 = Debug|Any CPU
		{59F56111-E5C6-4D5D-BEAC-E61C1503E995}.Debug|Itanium.ActiveCfg = Debug|Any CPU
		{59F56111-E5C6-4D5D-BEAC-E61C1503E995}.Debug|Itanium.Build.0 = Debug|Any CPU
		{59F56111-E5C6-4D5D-BEAC-E61C1503E995}.Debug|Mixed Platforms.ActiveCfg = Debug|Any CPU
		{59F56111-E5C6-4D5D-BEAC-E61C1503E995}.Debug|Mixed Platforms.Build.0 = Debug|Any CPU
		{59F56111-E5C6-4D5D-BEAC-E61C1503E995}.Debug|Win32.ActiveCfg = Debug|Any CPU
		{59F56111-E5C6-4D5D-BEAC-E61C1503E995}.Debug|Win32.Build.0 = Debug|Any CPU
		{59F56111-E5C6-4D5D-BEAC-E61C1503E995}.Debug|x64.ActiveCfg = Debug|Any CPU
		{59F56111-E5C6-4D5D-BEAC-E61C1503E995}.Debug|x64.Build.0 = Debug|Any CPU
		{59F56111-E5C6-4D5D-BEAC-E61C1503E995}.Debug|x86.ActiveCfg = Debug|Any CPU
		{59F56111-E5C6-4D5D-BEAC-E61C1503E995}.Debug|x86.Build.0 = Debug|Any CPU
		{59F56111-E5C6-4D5D-BEAC-E61C1503E995}.Release|amd64.ActiveCfg = Release|Any CPU
		{59F56111-E5C6-4D5D-BEAC-E61C1503E995}.Release|amd64.Build.0 = Release|Any CPU
		{59F56111-E5C6-4D5D-BEAC-E61C1503E995}.Release|Any CPU.ActiveCfg = Release|Any CPU
		{59F56111-E5C6-4D5D-BEAC-E61C1503E995}.Release|Any CPU.Build.0 = Release|Any CPU
		{59F56111-E5C6-4D5D-BEAC-E61C1503E995}.Release|Itanium.ActiveCfg = Release|Any CPU
		{59F56111-E5C6-4D5D-BEAC-E61C1503E995}.Release|Itanium.Build.0 = Release|Any CPU
		{59F56111-E5C6-4D5D-BEAC-E61C1503E995}.Release|Mixed Platforms.ActiveCfg = Debug|Any CPU
		{59F56111-E5C6-4D5D-BEAC-E61C1503E995}.Release|Mixed Platforms.Build.0 = Debug|Any CPU
		{59F56111-E5C6-4D5D-BEAC-E61C1503E995}.Release|Win32.ActiveCfg = Release|Any CPU
		{59F56111-E5C6-4D5D-BEAC-E61C1503E995}.Release|Win32.Build.0 = Release|Any CPU
		{59F56111-E5C6-4D5D-BEAC-E61C1503E995}.Release|x64.ActiveCfg = Release|Any CPU
		{59F56111-E5C6-4D5D-BEAC-E61C1503E995}.Release|x64.Build.0 = Release|Any CPU
		{59F56111-E5C6-4D5D-BEAC-E61C1503E995}.Release|x86.ActiveCfg = Release|Any CPU
		{59F56111-E5C6-4D5D-BEAC-E61C1503E995}.Release|x86.Build.0 = Release|Any CPU
		{D1F434E1-0CF8-413D-B53F-BDA8E5126CB1}.Debug|amd64.ActiveCfg = Debug|Any CPU
		{D1F434E1-0CF8-413D-B53F-BDA8E5126CB1}.Debug|amd64.Build.0 = Debug|Any CPU
		{D1F434E1-0CF8-413D-B53F-BDA8E5126CB1}.Debug|Any CPU.ActiveCfg = Debug|Any CPU
		{D1F434E1-0CF8-413D-B53F-BDA8E5126CB1}.Debug|Any CPU.Build.0 = Debug|Any CPU
		{D1F434E1-0CF8-413D-B53F-BDA8E5126CB1}.Debug|Itanium.ActiveCfg = Debug|Any CPU
		{D1F434E1-0CF8-413D-B53F-BDA8E5126CB1}.Debug|Itanium.Build.0 = Debug|Any CPU
		{D1F434E1-0CF8-413D-B53F-BDA8E5126CB1}.Debug|Mixed Platforms.ActiveCfg = Debug|Any CPU
		{D1F434E1-0CF8-413D-B53F-BDA8E5126CB1}.Debug|Mixed Platforms.Build.0 = Debug|Any CPU
		{D1F434E1-0CF8-413D-B53F-BDA8E5126CB1}.Debug|Win32.ActiveCfg = Debug|Any CPU
		{D1F434E1-0CF8-413D-B53F-BDA8E5126CB1}.Debug|Win32.Build.0 = Debug|Any CPU
		{D1F434E1-0CF8-413D-B53F-BDA8E5126CB1}.Debug|x64.ActiveCfg = Debug|Any CPU
		{D1F434E1-0CF8-413D-B53F-BDA8E5126CB1}.Debug|x64.Build.0 = Debug|Any CPU
		{D1F434E1-0CF8-413D-B53F-BDA8E5126CB1}.Debug|x86.ActiveCfg = Debug|Any CPU
		{D1F434E1-0CF8-413D-B53F-BDA8E5126CB1}.Debug|x86.Build.0 = Debug|Any CPU
		{D1F434E1-0CF8-413D-B53F-BDA8E5126CB1}.Release|amd64.ActiveCfg = Release|Any CPU
		{D1F434E1-0CF8-413D-B53F-BDA8E5126CB1}.Release|amd64.Build.0 = Release|Any CPU
		{D1F434E1-0CF8-413D-B53F-BDA8E5126CB1}.Release|Any CPU.ActiveCfg = Release|Any CPU
		{D1F434E1-0CF8-413D-B53F-BDA8E5126CB1}.Release|Any CPU.Build.0 = Release|Any CPU
		{D1F434E1-0CF8-413D-B53F-BDA8E5126CB1}.Release|Itanium.ActiveCfg = Release|Any CPU
		{D1F434E1-0CF8-413D-B53F-BDA8E5126CB1}.Release|Itanium.Build.0 = Release|Any CPU
		{D1F434E1-0CF8-413D-B53F-BDA8E5126CB1}.Release|Mixed Platforms.ActiveCfg = Debug|Any CPU
		{D1F434E1-0CF8-413D-B53F-BDA8E5126CB1}.Release|Mixed Platforms.Build.0 = Debug|Any CPU
		{D1F434E1-0CF8-413D-B53F-BDA8E5126CB1}.Release|Win32.ActiveCfg = Release|Any CPU
		{D1F434E1-0CF8-413D-B53F-BDA8E5126CB1}.Release|Win32.Build.0 = Release|Any CPU
		{D1F434E1-0CF8-413D-B53F-BDA8E5126CB1}.Release|x64.ActiveCfg = Release|Any CPU
		{D1F434E1-0CF8-413D-B53F-BDA8E5126CB1}.Release|x64.Build.0 = Release|Any CPU
		{D1F434E1-0CF8-413D-B53F-BDA8E5126CB1}.Release|x86.ActiveCfg = Release|Any CPU
		{D1F434E1-0CF8-413D-B53F-BDA8E5126CB1}.Release|x86.Build.0 = Release|Any CPU
		{980463C7-08F0-4383-93D7-E541CDD4F051}.Debug|amd64.ActiveCfg = Debug|Any CPU
		{980463C7-08F0-4383-93D7-E541CDD4F051}.Debug|amd64.Build.0 = Debug|Any CPU
		{980463C7-08F0-4383-93D7-E541CDD4F051}.Debug|Any CPU.ActiveCfg = Debug|Any CPU
		{980463C7-08F0-4383-93D7-E541CDD4F051}.Debug|Any CPU.Build.0 = Debug|Any CPU
		{980463C7-08F0-4383-93D7-E541CDD4F051}.Debug|Itanium.ActiveCfg = Debug|Any CPU
		{980463C7-08F0-4383-93D7-E541CDD4F051}.Debug|Itanium.Build.0 = Debug|Any CPU
		{980463C7-08F0-4383-93D7-E541CDD4F051}.Debug|Mixed Platforms.ActiveCfg = Debug|Any CPU
		{980463C7-08F0-4383-93D7-E541CDD4F051}.Debug|Mixed Platforms.Build.0 = Debug|Any CPU
		{980463C7-08F0-4383-93D7-E541CDD4F051}.Debug|Win32.ActiveCfg = Debug|Any CPU
		{980463C7-08F0-4383-93D7-E541CDD4F051}.Debug|Win32.Build.0 = Debug|Any CPU
		{980463C7-08F0-4383-93D7-E541CDD4F051}.Debug|x64.ActiveCfg = Debug|Any CPU
		{980463C7-08F0-4383-93D7-E541CDD4F051}.Debug|x64.Build.0 = Debug|Any CPU
		{980463C7-08F0-4383-93D7-E541CDD4F051}.Debug|x86.ActiveCfg = Debug|Any CPU
		{980463C7-08F0-4383-93D7-E541CDD4F051}.Debug|x86.Build.0 = Debug|Any CPU
		{980463C7-08F0-4383-93D7-E541CDD4F051}.Release|amd64.ActiveCfg = Debug|Any CPU
		{980463C7-08F0-4383-93D7-E541CDD4F051}.Release|amd64.Build.0 = Debug|Any CPU
		{980463C7-08F0-4383-93D7-E541CDD4F051}.Release|Any CPU.ActiveCfg = Debug|Any CPU
		{980463C7-08F0-4383-93D7-E541CDD4F051}.Release|Any CPU.Build.0 = Debug|Any CPU
		{980463C7-08F0-4383-93D7-E541CDD4F051}.Release|Itanium.ActiveCfg = Debug|Any CPU
		{980463C7-08F0-4383-93D7-E541CDD4F051}.Release|Itanium.Build.0 = Debug|Any CPU
		{980463C7-08F0-4383-93D7-E541CDD4F051}.Release|Mixed Platforms.ActiveCfg = Debug|Any CPU
		{980463C7-08F0-4383-93D7-E541CDD4F051}.Release|Mixed Platforms.Build.0 = Debug|Any CPU
		{980463C7-08F0-4383-93D7-E541CDD4F051}.Release|Win32.ActiveCfg = Debug|Any CPU
		{980463C7-08F0-4383-93D7-E541CDD4F051}.Release|Win32.Build.0 = Debug|Any CPU
		{980463C7-08F0-4383-93D7-E541CDD4F051}.Release|x64.ActiveCfg = Debug|Any CPU
		{980463C7-08F0-4383-93D7-E541CDD4F051}.Release|x64.Build.0 = Debug|Any CPU
		{980463C7-08F0-4383-93D7-E541CDD4F051}.Release|x86.ActiveCfg = Debug|Any CPU
		{980463C7-08F0-4383-93D7-E541CDD4F051}.Release|x86.Build.0 = Debug|Any CPU
		{93D21A7D-59F4-4B9A-BF21-FC7319C18D7D}.Debug|amd64.ActiveCfg = Debug|Any CPU
		{93D21A7D-59F4-4B9A-BF21-FC7319C18D7D}.Debug|amd64.Build.0 = Debug|Any CPU
		{93D21A7D-59F4-4B9A-BF21-FC7319C18D7D}.Debug|Any CPU.ActiveCfg = Debug|Any CPU
		{93D21A7D-59F4-4B9A-BF21-FC7319C18D7D}.Debug|Any CPU.Build.0 = Debug|Any CPU
		{93D21A7D-59F4-4B9A-BF21-FC7319C18D7D}.Debug|Itanium.ActiveCfg = Debug|Any CPU
		{93D21A7D-59F4-4B9A-BF21-FC7319C18D7D}.Debug|Itanium.Build.0 = Debug|Any CPU
		{93D21A7D-59F4-4B9A-BF21-FC7319C18D7D}.Debug|Mixed Platforms.ActiveCfg = Debug|Any CPU
		{93D21A7D-59F4-4B9A-BF21-FC7319C18D7D}.Debug|Mixed Platforms.Build.0 = Debug|Any CPU
		{93D21A7D-59F4-4B9A-BF21-FC7319C18D7D}.Debug|Win32.ActiveCfg = Debug|Any CPU
		{93D21A7D-59F4-4B9A-BF21-FC7319C18D7D}.Debug|Win32.Build.0 = Debug|Any CPU
		{93D21A7D-59F4-4B9A-BF21-FC7319C18D7D}.Debug|x64.ActiveCfg = Debug|Any CPU
		{93D21A7D-59F4-4B9A-BF21-FC7319C18D7D}.Debug|x64.Build.0 = Debug|Any CPU
		{93D21A7D-59F4-4B9A-BF21-FC7319C18D7D}.Debug|x86.ActiveCfg = Debug|Any CPU
		{93D21A7D-59F4-4B9A-BF21-FC7319C18D7D}.Debug|x86.Build.0 = Debug|Any CPU
		{93D21A7D-59F4-4B9A-BF21-FC7319C18D7D}.Release|amd64.ActiveCfg = Release|Any CPU
		{93D21A7D-59F4-4B9A-BF21-FC7319C18D7D}.Release|amd64.Build.0 = Release|Any CPU
		{93D21A7D-59F4-4B9A-BF21-FC7319C18D7D}.Release|Any CPU.ActiveCfg = Release|Any CPU
		{93D21A7D-59F4-4B9A-BF21-FC7319C18D7D}.Release|Any CPU.Build.0 = Release|Any CPU
		{93D21A7D-59F4-4B9A-BF21-FC7319C18D7D}.Release|Itanium.ActiveCfg = Release|Any CPU
		{93D21A7D-59F4-4B9A-BF21-FC7319C18D7D}.Release|Itanium.Build.0 = Release|Any CPU
		{93D21A7D-59F4-4B9A-BF21-FC7319C18D7D}.Release|Mixed Platforms.ActiveCfg = Release|Any CPU
		{93D21A7D-59F4-4B9A-BF21-FC7319C18D7D}.Release|Mixed Platforms.Build.0 = Release|Any CPU
		{93D21A7D-59F4-4B9A-BF21-FC7319C18D7D}.Release|Win32.ActiveCfg = Release|Any CPU
		{93D21A7D-59F4-4B9A-BF21-FC7319C18D7D}.Release|Win32.Build.0 = Release|Any CPU
		{93D21A7D-59F4-4B9A-BF21-FC7319C18D7D}.Release|x64.ActiveCfg = Release|Any CPU
		{93D21A7D-59F4-4B9A-BF21-FC7319C18D7D}.Release|x64.Build.0 = Release|Any CPU
		{93D21A7D-59F4-4B9A-BF21-FC7319C18D7D}.Release|x86.ActiveCfg = Release|Any CPU
		{93D21A7D-59F4-4B9A-BF21-FC7319C18D7D}.Release|x86.Build.0 = Release|Any CPU
		{5006AB48-A11E-219A-D68C-386F737D51A1}.Debug|amd64.ActiveCfg = Debug|Any CPU
		{5006AB48-A11E-219A-D68C-386F737D51A1}.Debug|amd64.Build.0 = Debug|Any CPU
		{5006AB48-A11E-219A-D68C-386F737D51A1}.Debug|Any CPU.ActiveCfg = Debug|Any CPU
		{5006AB48-A11E-219A-D68C-386F737D51A1}.Debug|Any CPU.Build.0 = Debug|Any CPU
		{5006AB48-A11E-219A-D68C-386F737D51A1}.Debug|Itanium.ActiveCfg = Debug|Any CPU
		{5006AB48-A11E-219A-D68C-386F737D51A1}.Debug|Itanium.Build.0 = Debug|Any CPU
		{5006AB48-A11E-219A-D68C-386F737D51A1}.Debug|Mixed Platforms.ActiveCfg = Debug|Any CPU
		{5006AB48-A11E-219A-D68C-386F737D51A1}.Debug|Mixed Platforms.Build.0 = Debug|Any CPU
		{5006AB48-A11E-219A-D68C-386F737D51A1}.Debug|Win32.ActiveCfg = Debug|Any CPU
		{5006AB48-A11E-219A-D68C-386F737D51A1}.Debug|Win32.Build.0 = Debug|Any CPU
		{5006AB48-A11E-219A-D68C-386F737D51A1}.Debug|x64.ActiveCfg = Debug|Any CPU
		{5006AB48-A11E-219A-D68C-386F737D51A1}.Debug|x64.Build.0 = Debug|Any CPU
		{5006AB48-A11E-219A-D68C-386F737D51A1}.Debug|x86.ActiveCfg = Debug|Any CPU
		{5006AB48-A11E-219A-D68C-386F737D51A1}.Debug|x86.Build.0 = Debug|Any CPU
		{5006AB48-A11E-219A-D68C-386F737D51A1}.Release|amd64.ActiveCfg = Release|Any CPU
		{5006AB48-A11E-219A-D68C-386F737D51A1}.Release|amd64.Build.0 = Release|Any CPU
		{5006AB48-A11E-219A-D68C-386F737D51A1}.Release|Any CPU.ActiveCfg = Release|Any CPU
		{5006AB48-A11E-219A-D68C-386F737D51A1}.Release|Any CPU.Build.0 = Release|Any CPU
		{5006AB48-A11E-219A-D68C-386F737D51A1}.Release|Itanium.ActiveCfg = Release|Any CPU
		{5006AB48-A11E-219A-D68C-386F737D51A1}.Release|Itanium.Build.0 = Release|Any CPU
		{5006AB48-A11E-219A-D68C-386F737D51A1}.Release|Mixed Platforms.ActiveCfg = Release|Any CPU
		{5006AB48-A11E-219A-D68C-386F737D51A1}.Release|Mixed Platforms.Build.0 = Release|Any CPU
		{5006AB48-A11E-219A-D68C-386F737D51A1}.Release|Win32.ActiveCfg = Release|Any CPU
		{5006AB48-A11E-219A-D68C-386F737D51A1}.Release|Win32.Build.0 = Release|Any CPU
		{5006AB48-A11E-219A-D68C-386F737D51A1}.Release|x64.ActiveCfg = Release|Any CPU
		{5006AB48-A11E-219A-D68C-386F737D51A1}.Release|x64.Build.0 = Release|Any CPU
		{5006AB48-A11E-219A-D68C-386F737D51A1}.Release|x86.ActiveCfg = Release|Any CPU
		{5006AB48-A11E-219A-D68C-386F737D51A1}.Release|x86.Build.0 = Release|Any CPU
		{6670A9C1-6713-990A-55CA-772E751B38EE}.Debug|amd64.ActiveCfg = Debug|Any CPU
		{6670A9C1-6713-990A-55CA-772E751B38EE}.Debug|amd64.Build.0 = Debug|Any CPU
		{6670A9C1-6713-990A-55CA-772E751B38EE}.Debug|Any CPU.ActiveCfg = Debug|Any CPU
		{6670A9C1-6713-990A-55CA-772E751B38EE}.Debug|Any CPU.Build.0 = Debug|Any CPU
		{6670A9C1-6713-990A-55CA-772E751B38EE}.Debug|Itanium.ActiveCfg = Debug|Any CPU
		{6670A9C1-6713-990A-55CA-772E751B38EE}.Debug|Itanium.Build.0 = Debug|Any CPU
		{6670A9C1-6713-990A-55CA-772E751B38EE}.Debug|Mixed Platforms.ActiveCfg = Debug|Any CPU
		{6670A9C1-6713-990A-55CA-772E751B38EE}.Debug|Mixed Platforms.Build.0 = Debug|Any CPU
		{6670A9C1-6713-990A-55CA-772E751B38EE}.Debug|Win32.ActiveCfg = Debug|Any CPU
		{6670A9C1-6713-990A-55CA-772E751B38EE}.Debug|Win32.Build.0 = Debug|Any CPU
		{6670A9C1-6713-990A-55CA-772E751B38EE}.Debug|x64.ActiveCfg = Debug|Any CPU
		{6670A9C1-6713-990A-55CA-772E751B38EE}.Debug|x64.Build.0 = Debug|Any CPU
		{6670A9C1-6713-990A-55CA-772E751B38EE}.Debug|x86.ActiveCfg = Debug|Any CPU
		{6670A9C1-6713-990A-55CA-772E751B38EE}.Debug|x86.Build.0 = Debug|Any CPU
		{6670A9C1-6713-990A-55CA-772E751B38EE}.Release|amd64.ActiveCfg = Release|Any CPU
		{6670A9C1-6713-990A-55CA-772E751B38EE}.Release|amd64.Build.0 = Release|Any CPU
		{6670A9C1-6713-990A-55CA-772E751B38EE}.Release|Any CPU.ActiveCfg = Release|Any CPU
		{6670A9C1-6713-990A-55CA-772E751B38EE}.Release|Any CPU.Build.0 = Release|Any CPU
		{6670A9C1-6713-990A-55CA-772E751B38EE}.Release|Itanium.ActiveCfg = Release|Any CPU
		{6670A9C1-6713-990A-55CA-772E751B38EE}.Release|Itanium.Build.0 = Release|Any CPU
		{6670A9C1-6713-990A-55CA-772E751B38EE}.Release|Mixed Platforms.ActiveCfg = Release|Any CPU
		{6670A9C1-6713-990A-55CA-772E751B38EE}.Release|Mixed Platforms.Build.0 = Release|Any CPU
		{6670A9C1-6713-990A-55CA-772E751B38EE}.Release|Win32.ActiveCfg = Release|Any CPU
		{6670A9C1-6713-990A-55CA-772E751B38EE}.Release|Win32.Build.0 = Release|Any CPU
		{6670A9C1-6713-990A-55CA-772E751B38EE}.Release|x64.ActiveCfg = Release|Any CPU
		{6670A9C1-6713-990A-55CA-772E751B38EE}.Release|x64.Build.0 = Release|Any CPU
		{6670A9C1-6713-990A-55CA-772E751B38EE}.Release|x86.ActiveCfg = Release|Any CPU
		{6670A9C1-6713-990A-55CA-772E751B38EE}.Release|x86.Build.0 = Release|Any CPU
	EndGlobalSection
	GlobalSection(SolutionProperties) = preSolution
		HideSolutionNode = FALSE
	EndGlobalSection
	GlobalSection(NestedProjects) = preSolution
		{046D7EC1-E7A0-44BC-9A7B-846D687A4F93} = {B0572291-8AE4-4575-AAFA-FFD232146A9E}
		{9C61837A-7118-42B5-BA50-480493CC190D} = {B0572291-8AE4-4575-AAFA-FFD232146A9E}
		{B9DA0893-6419-46FE-9FA9-6EBF61D9F0C0} = {B0572291-8AE4-4575-AAFA-FFD232146A9E}
		{BF723E85-A62E-4C9E-A251-16B89A037E2B} = {B0572291-8AE4-4575-AAFA-FFD232146A9E}
		{FA039DC0-A241-488F-890A-CF9CA6FF77E0} = {B0572291-8AE4-4575-AAFA-FFD232146A9E}
		{67126A6F-925B-4349-A192-C8642926990B} = {7DCAB687-17B2-4BEF-8CD0-46B723824AEC}
		{623EFF39-2D67-4C82-A08A-02FA02C98657} = {7DCAB687-17B2-4BEF-8CD0-46B723824AEC}
		{D6784BAF-4B15-4852-8238-94E8074D87F1} = {7DCAB687-17B2-4BEF-8CD0-46B723824AEC}
		{40927854-FBC8-4891-B9E2-2106E0CE0008} = {7DCAB687-17B2-4BEF-8CD0-46B723824AEC}
		{74E3BA71-8FB6-4EA0-B3BE-2CCAA0849A7F} = {7DCAB687-17B2-4BEF-8CD0-46B723824AEC}
		{7A4F4E54-DEA0-42C1-95BE-4C61216FFE9F} = {7DCAB687-17B2-4BEF-8CD0-46B723824AEC}
		{5DEB6746-ECDD-4F60-A1A5-F9045BD5DF0D} = {7DCAB687-17B2-4BEF-8CD0-46B723824AEC}
		{200BFCA9-83BD-4646-9C4C-D061997A332E} = {7DCAB687-17B2-4BEF-8CD0-46B723824AEC}
		{6322CA67-0BDA-443D-B7B9-C743DF96599C} = {378D5F1D-AD64-4D9E-B327-3906A37A8B91}
		{616ACE19-7B2C-4098-8679-A7B69CAF8B2A} = {7DCAB687-17B2-4BEF-8CD0-46B723824AEC}
		{375A1898-AEAF-4710-BFFC-97C7B4216602} = {7DCAB687-17B2-4BEF-8CD0-46B723824AEC}
		{CD51C772-17A1-455B-AA01-2B38805E14BE} = {7DCAB687-17B2-4BEF-8CD0-46B723824AEC}
		{70AE2202-8F2B-4417-A9D5-B400979D56A9} = {378D5F1D-AD64-4D9E-B327-3906A37A8B91}
		{D1F434E1-0CF8-413D-B53F-BDA8E5126CB1} = {7DCAB687-17B2-4BEF-8CD0-46B723824AEC}
		{980463C7-08F0-4383-93D7-E541CDD4F051} = {B0572291-8AE4-4575-AAFA-FFD232146A9E}
		{93D21A7D-59F4-4B9A-BF21-FC7319C18D7D} = {378D5F1D-AD64-4D9E-B327-3906A37A8B91}
		{5006AB48-A11E-219A-D68C-386F737D51A1} = {74E3BA71-8FB6-4EA0-B3BE-2CCAA0849A7F}
		{6670A9C1-6713-990A-55CA-772E751B38EE} = {B0572291-8AE4-4575-AAFA-FFD232146A9E}
	EndGlobalSection
	GlobalSection(ExtensibilityGlobals) = postSolution
		SolutionGuid = {178D151A-63D4-48A0-B6CE-D02AEBE48AAF}
		{E3D9FD31-E67C-4AFB-9901-C61F3D009527} = {7DCAB687-17B2-4BEF-8CD0-46B723824AEC}
		{B3E74ACE-DA7E-4AC7-A2DA-7072F2D2C888} = {B0572291-8AE4-4575-AAFA-FFD232146A9E}
		{375A1898-AEAF-4710-BFFC-97C7B4216602} = {7DCAB687-17B2-4BEF-8CD0-46B723824AEC}
		{FA507C9B-88E5-45C4-86A6-1A5D99D01E90} = {74E3BA71-8FB6-4EA0-B3BE-2CCAA0849A7F}
		{373F498D-B9A6-46B1-B150-338D90930E49} = {74E3BA71-8FB6-4EA0-B3BE-2CCAA0849A7F}
	EndGlobalSection
EndGlobal
